// !$*UTF8*$!
{
	archiveVersion = 1;
	classes = {
	};
	objectVersion = 46;
	objects = {

/* Begin PBXAggregateTarget section */
		"ConsulSwift::ConsulSwiftPackageTests::ProductTarget" /* ConsulSwiftPackageTests */ = {
			isa = PBXAggregateTarget;
			buildConfigurationList = OBJ_155 /* Build configuration list for PBXAggregateTarget "ConsulSwiftPackageTests" */;
			buildPhases = (
			);
			dependencies = (
				OBJ_158 /* PBXTargetDependency */,
			);
			name = ConsulSwiftPackageTests;
			productName = ConsulSwiftPackageTests;
		};
/* End PBXAggregateTarget section */

/* Begin PBXBuildFile section */
		OBJ_100 /* Result.swift in Sources */ = {isa = PBXBuildFile; fileRef = OBJ_71 /* Result.swift */; };
		OBJ_101 /* ServerTrustPolicy.swift in Sources */ = {isa = PBXBuildFile; fileRef = OBJ_72 /* ServerTrustPolicy.swift */; };
		OBJ_102 /* SessionDelegate.swift in Sources */ = {isa = PBXBuildFile; fileRef = OBJ_73 /* SessionDelegate.swift */; };
		OBJ_103 /* SessionManager.swift in Sources */ = {isa = PBXBuildFile; fileRef = OBJ_74 /* SessionManager.swift */; };
		OBJ_104 /* TaskDelegate.swift in Sources */ = {isa = PBXBuildFile; fileRef = OBJ_75 /* TaskDelegate.swift */; };
		OBJ_105 /* Timeline.swift in Sources */ = {isa = PBXBuildFile; fileRef = OBJ_76 /* Timeline.swift */; };
		OBJ_106 /* Validation.swift in Sources */ = {isa = PBXBuildFile; fileRef = OBJ_77 /* Validation.swift */; };
		OBJ_113 /* Package.swift in Sources */ = {isa = PBXBuildFile; fileRef = OBJ_60 /* Package.swift */; };
		OBJ_119 /* Consul+AgentBase.swift in Sources */ = {isa = PBXBuildFile; fileRef = OBJ_9 /* Consul+AgentBase.swift */; };
		OBJ_120 /* Consul+AgentChecks.swift in Sources */ = {isa = PBXBuildFile; fileRef = OBJ_10 /* Consul+AgentChecks.swift */; };
		OBJ_121 /* Consul+AgentServices.swift in Sources */ = {isa = PBXBuildFile; fileRef = OBJ_11 /* Consul+AgentServices.swift */; };
		OBJ_122 /* Consul+Catalog.swift in Sources */ = {isa = PBXBuildFile; fileRef = OBJ_12 /* Consul+Catalog.swift */; };
		OBJ_123 /* Consul+Events.swift in Sources */ = {isa = PBXBuildFile; fileRef = OBJ_13 /* Consul+Events.swift */; };
		OBJ_124 /* Consul+Health.swift in Sources */ = {isa = PBXBuildFile; fileRef = OBJ_14 /* Consul+Health.swift */; };
		OBJ_125 /* Consul+KVStore.swift in Sources */ = {isa = PBXBuildFile; fileRef = OBJ_15 /* Consul+KVStore.swift */; };
		OBJ_126 /* Consul.swift in Sources */ = {isa = PBXBuildFile; fileRef = OBJ_16 /* Consul.swift */; };
		OBJ_127 /* ConsulAgentCheck.swift in Sources */ = {isa = PBXBuildFile; fileRef = OBJ_17 /* ConsulAgentCheck.swift */; };
		OBJ_128 /* ConsulAgentConfiguration.swift in Sources */ = {isa = PBXBuildFile; fileRef = OBJ_18 /* ConsulAgentConfiguration.swift */; };
		OBJ_129 /* ConsulAgentMember.swift in Sources */ = {isa = PBXBuildFile; fileRef = OBJ_19 /* ConsulAgentMember.swift */; };
		OBJ_130 /* ConsulAgentService.swift in Sources */ = {isa = PBXBuildFile; fileRef = OBJ_20 /* ConsulAgentService.swift */; };
		OBJ_131 /* ConsulCatalogDatacenter.swift in Sources */ = {isa = PBXBuildFile; fileRef = OBJ_21 /* ConsulCatalogDatacenter.swift */; };
		OBJ_132 /* ConsulCatalogNode.swift in Sources */ = {isa = PBXBuildFile; fileRef = OBJ_22 /* ConsulCatalogNode.swift */; };
		OBJ_133 /* ConsulCatalogService.swift in Sources */ = {isa = PBXBuildFile; fileRef = OBJ_23 /* ConsulCatalogService.swift */; };
		OBJ_134 /* ConsulEvent.swift in Sources */ = {isa = PBXBuildFile; fileRef = OBJ_24 /* ConsulEvent.swift */; };
		OBJ_135 /* ConsulKeyValuePair.swift in Sources */ = {isa = PBXBuildFile; fileRef = OBJ_25 /* ConsulKeyValuePair.swift */; };
		OBJ_137 /* Quack.framework in Frameworks */ = {isa = PBXBuildFile; fileRef = "Quack::Quack::Product" /* Quack.framework */; };
		OBJ_138 /* Result.framework in Frameworks */ = {isa = PBXBuildFile; fileRef = "Result::Result::Product" /* Result.framework */; };
		OBJ_139 /* SwiftyJSON.framework in Frameworks */ = {isa = PBXBuildFile; fileRef = "SwiftyJSON::SwiftyJSON::Product" /* SwiftyJSON.framework */; };
		OBJ_140 /* Alamofire.framework in Frameworks */ = {isa = PBXBuildFile; fileRef = "Alamofire::Alamofire::Product" /* Alamofire.framework */; };
		OBJ_153 /* Package.swift in Sources */ = {isa = PBXBuildFile; fileRef = OBJ_6 /* Package.swift */; };
		OBJ_164 /* ConsulAgentTests.swift in Sources */ = {isa = PBXBuildFile; fileRef = OBJ_28 /* ConsulAgentTests.swift */; };
		OBJ_165 /* ConsulCatalogTests.swift in Sources */ = {isa = PBXBuildFile; fileRef = OBJ_29 /* ConsulCatalogTests.swift */; };
		OBJ_166 /* ConsulEventTests.swift in Sources */ = {isa = PBXBuildFile; fileRef = OBJ_30 /* ConsulEventTests.swift */; };
		OBJ_167 /* ConsulHealthTests.swift in Sources */ = {isa = PBXBuildFile; fileRef = OBJ_31 /* ConsulHealthTests.swift */; };
		OBJ_168 /* ConsulKeyValueTests.swift in Sources */ = {isa = PBXBuildFile; fileRef = OBJ_32 /* ConsulKeyValueTests.swift */; };
		OBJ_169 /* ConsulSwiftTests.swift in Sources */ = {isa = PBXBuildFile; fileRef = OBJ_33 /* ConsulSwiftTests.swift */; };
		OBJ_171 /* ConsulSwift.framework in Frameworks */ = {isa = PBXBuildFile; fileRef = "ConsulSwift::ConsulSwift::Product" /* ConsulSwift.framework */; };
		OBJ_172 /* Quack.framework in Frameworks */ = {isa = PBXBuildFile; fileRef = "Quack::Quack::Product" /* Quack.framework */; };
		OBJ_173 /* Result.framework in Frameworks */ = {isa = PBXBuildFile; fileRef = "Result::Result::Product" /* Result.framework */; };
		OBJ_174 /* SwiftyJSON.framework in Frameworks */ = {isa = PBXBuildFile; fileRef = "SwiftyJSON::SwiftyJSON::Product" /* SwiftyJSON.framework */; };
		OBJ_175 /* Alamofire.framework in Frameworks */ = {isa = PBXBuildFile; fileRef = "Alamofire::Alamofire::Product" /* Alamofire.framework */; };
		OBJ_185 /* Alamofire+Synchronous.swift in Sources */ = {isa = PBXBuildFile; fileRef = OBJ_37 /* Alamofire+Synchronous.swift */; };
		OBJ_186 /* Quack.swift in Sources */ = {isa = PBXBuildFile; fileRef = OBJ_38 /* Quack.swift */; };
		OBJ_187 /* QuackAlamofire.swift in Sources */ = {isa = PBXBuildFile; fileRef = OBJ_39 /* QuackAlamofire.swift */; };
		OBJ_188 /* QuackBody.swift in Sources */ = {isa = PBXBuildFile; fileRef = OBJ_40 /* QuackBody.swift */; };
		OBJ_189 /* QuackClient.swift in Sources */ = {isa = PBXBuildFile; fileRef = OBJ_41 /* QuackClient.swift */; };
		OBJ_190 /* QuackCustomParser.swift in Sources */ = {isa = PBXBuildFile; fileRef = OBJ_42 /* QuackCustomParser.swift */; };
		OBJ_191 /* QuackError.swift in Sources */ = {isa = PBXBuildFile; fileRef = OBJ_43 /* QuackError.swift */; };
		OBJ_192 /* QuackHTTP.swift in Sources */ = {isa = PBXBuildFile; fileRef = OBJ_44 /* QuackHTTP.swift */; };
		OBJ_193 /* QuackModel.swift in Sources */ = {isa = PBXBuildFile; fileRef = OBJ_45 /* QuackModel.swift */; };
		OBJ_194 /* QuackRequest.swift in Sources */ = {isa = PBXBuildFile; fileRef = OBJ_46 /* QuackRequest.swift */; };
		OBJ_195 /* QuackResponse.swift in Sources */ = {isa = PBXBuildFile; fileRef = OBJ_47 /* QuackResponse.swift */; };
		OBJ_197 /* Result.framework in Frameworks */ = {isa = PBXBuildFile; fileRef = "Result::Result::Product" /* Result.framework */; };
		OBJ_198 /* SwiftyJSON.framework in Frameworks */ = {isa = PBXBuildFile; fileRef = "SwiftyJSON::SwiftyJSON::Product" /* SwiftyJSON.framework */; };
		OBJ_199 /* Alamofire.framework in Frameworks */ = {isa = PBXBuildFile; fileRef = "Alamofire::Alamofire::Product" /* Alamofire.framework */; };
		OBJ_208 /* Package.swift in Sources */ = {isa = PBXBuildFile; fileRef = OBJ_48 /* Package.swift */; };
		OBJ_213 /* Result.swift in Sources */ = {isa = PBXBuildFile; fileRef = OBJ_51 /* Result.swift */; };
		OBJ_214 /* ResultProtocol.swift in Sources */ = {isa = PBXBuildFile; fileRef = OBJ_52 /* ResultProtocol.swift */; };
		OBJ_221 /* Package.swift in Sources */ = {isa = PBXBuildFile; fileRef = OBJ_53 /* Package.swift */; };
		OBJ_226 /* LclJSONSerialization.swift in Sources */ = {isa = PBXBuildFile; fileRef = OBJ_56 /* LclJSONSerialization.swift */; };
		OBJ_227 /* SwiftyJSON.swift in Sources */ = {isa = PBXBuildFile; fileRef = OBJ_57 /* SwiftyJSON.swift */; };
		OBJ_234 /* Package.swift in Sources */ = {isa = PBXBuildFile; fileRef = OBJ_58 /* Package.swift */; };
		OBJ_90 /* AFError.swift in Sources */ = {isa = PBXBuildFile; fileRef = OBJ_61 /* AFError.swift */; };
		OBJ_91 /* Alamofire.swift in Sources */ = {isa = PBXBuildFile; fileRef = OBJ_62 /* Alamofire.swift */; };
		OBJ_92 /* DispatchQueue+Alamofire.swift in Sources */ = {isa = PBXBuildFile; fileRef = OBJ_63 /* DispatchQueue+Alamofire.swift */; };
		OBJ_93 /* MultipartFormData.swift in Sources */ = {isa = PBXBuildFile; fileRef = OBJ_64 /* MultipartFormData.swift */; };
		OBJ_94 /* NetworkReachabilityManager.swift in Sources */ = {isa = PBXBuildFile; fileRef = OBJ_65 /* NetworkReachabilityManager.swift */; };
		OBJ_95 /* Notifications.swift in Sources */ = {isa = PBXBuildFile; fileRef = OBJ_66 /* Notifications.swift */; };
		OBJ_96 /* ParameterEncoding.swift in Sources */ = {isa = PBXBuildFile; fileRef = OBJ_67 /* ParameterEncoding.swift */; };
		OBJ_97 /* Request.swift in Sources */ = {isa = PBXBuildFile; fileRef = OBJ_68 /* Request.swift */; };
		OBJ_98 /* Response.swift in Sources */ = {isa = PBXBuildFile; fileRef = OBJ_69 /* Response.swift */; };
		OBJ_99 /* ResponseSerialization.swift in Sources */ = {isa = PBXBuildFile; fileRef = OBJ_70 /* ResponseSerialization.swift */; };
/* End PBXBuildFile section */

/* Begin PBXContainerItemProxy section */
		5924DC9F207E091E009139F8 /* PBXContainerItemProxy */ = {
			isa = PBXContainerItemProxy;
			containerPortal = OBJ_1 /* Project object */;
			proxyType = 1;
			remoteGlobalIDString = "Result::Result";
			remoteInfo = Result;
		};
		5924DCA0207E091E009139F8 /* PBXContainerItemProxy */ = {
			isa = PBXContainerItemProxy;
			containerPortal = OBJ_1 /* Project object */;
			proxyType = 1;
			remoteGlobalIDString = "SwiftyJSON::SwiftyJSON";
			remoteInfo = SwiftyJSON;
		};
		5924DCA1207E091E009139F8 /* PBXContainerItemProxy */ = {
			isa = PBXContainerItemProxy;
			containerPortal = OBJ_1 /* Project object */;
			proxyType = 1;
			remoteGlobalIDString = "Alamofire::Alamofire";
			remoteInfo = Alamofire;
		};
		5924DCA2207E091E009139F8 /* PBXContainerItemProxy */ = {
			isa = PBXContainerItemProxy;
			containerPortal = OBJ_1 /* Project object */;
			proxyType = 1;
			remoteGlobalIDString = "Quack::Quack";
			remoteInfo = Quack;
		};
		5924DCA3207E091E009139F8 /* PBXContainerItemProxy */ = {
			isa = PBXContainerItemProxy;
			containerPortal = OBJ_1 /* Project object */;
			proxyType = 1;
			remoteGlobalIDString = "Result::Result";
			remoteInfo = Result;
		};
		5924DCA4207E091E009139F8 /* PBXContainerItemProxy */ = {
			isa = PBXContainerItemProxy;
			containerPortal = OBJ_1 /* Project object */;
			proxyType = 1;
			remoteGlobalIDString = "SwiftyJSON::SwiftyJSON";
			remoteInfo = SwiftyJSON;
		};
		5924DCA5207E091E009139F8 /* PBXContainerItemProxy */ = {
			isa = PBXContainerItemProxy;
			containerPortal = OBJ_1 /* Project object */;
			proxyType = 1;
			remoteGlobalIDString = "Alamofire::Alamofire";
			remoteInfo = Alamofire;
		};
		5924DCA6207E091E009139F8 /* PBXContainerItemProxy */ = {
			isa = PBXContainerItemProxy;
			containerPortal = OBJ_1 /* Project object */;
			proxyType = 1;
			remoteGlobalIDString = "ConsulSwift::ConsulSwift";
			remoteInfo = ConsulSwift;
		};
		5924DCA7207E091E009139F8 /* PBXContainerItemProxy */ = {
			isa = PBXContainerItemProxy;
			containerPortal = OBJ_1 /* Project object */;
			proxyType = 1;
			remoteGlobalIDString = "Quack::Quack";
			remoteInfo = Quack;
		};
		5924DCA8207E091E009139F8 /* PBXContainerItemProxy */ = {
			isa = PBXContainerItemProxy;
			containerPortal = OBJ_1 /* Project object */;
			proxyType = 1;
			remoteGlobalIDString = "Result::Result";
			remoteInfo = Result;
		};
		5924DCA9207E091E009139F8 /* PBXContainerItemProxy */ = {
			isa = PBXContainerItemProxy;
			containerPortal = OBJ_1 /* Project object */;
			proxyType = 1;
			remoteGlobalIDString = "SwiftyJSON::SwiftyJSON";
			remoteInfo = SwiftyJSON;
		};
		5924DCAA207E091E009139F8 /* PBXContainerItemProxy */ = {
			isa = PBXContainerItemProxy;
			containerPortal = OBJ_1 /* Project object */;
			proxyType = 1;
			remoteGlobalIDString = "Alamofire::Alamofire";
			remoteInfo = Alamofire;
		};
		5924DCAB207E091F009139F8 /* PBXContainerItemProxy */ = {
			isa = PBXContainerItemProxy;
			containerPortal = OBJ_1 /* Project object */;
			proxyType = 1;
			remoteGlobalIDString = "ConsulSwift::ConsulSwiftTests";
			remoteInfo = ConsulSwiftTests;
		};
/* End PBXContainerItemProxy section */

/* Begin PBXFileReference section */
		"Alamofire::Alamofire::Product" /* Alamofire.framework */ = {isa = PBXFileReference; explicitFileType = wrapper.framework; path = Alamofire.framework; sourceTree = BUILT_PRODUCTS_DIR; };
		"ConsulSwift::ConsulSwift::Product" /* ConsulSwift.framework */ = {isa = PBXFileReference; explicitFileType = wrapper.framework; path = ConsulSwift.framework; sourceTree = BUILT_PRODUCTS_DIR; };
		"ConsulSwift::ConsulSwiftTests::Product" /* ConsulSwiftTests.xctest */ = {isa = PBXFileReference; lastKnownFileType = file; path = ConsulSwiftTests.xctest; sourceTree = BUILT_PRODUCTS_DIR; };
		OBJ_10 /* Consul+AgentChecks.swift */ = {isa = PBXFileReference; lastKnownFileType = sourcecode.swift; path = "Consul+AgentChecks.swift"; sourceTree = "<group>"; };
		OBJ_11 /* Consul+AgentServices.swift */ = {isa = PBXFileReference; lastKnownFileType = sourcecode.swift; path = "Consul+AgentServices.swift"; sourceTree = "<group>"; };
		OBJ_12 /* Consul+Catalog.swift */ = {isa = PBXFileReference; lastKnownFileType = sourcecode.swift; path = "Consul+Catalog.swift"; sourceTree = "<group>"; };
		OBJ_13 /* Consul+Events.swift */ = {isa = PBXFileReference; lastKnownFileType = sourcecode.swift; path = "Consul+Events.swift"; sourceTree = "<group>"; };
		OBJ_14 /* Consul+Health.swift */ = {isa = PBXFileReference; lastKnownFileType = sourcecode.swift; path = "Consul+Health.swift"; sourceTree = "<group>"; };
		OBJ_15 /* Consul+KVStore.swift */ = {isa = PBXFileReference; lastKnownFileType = sourcecode.swift; path = "Consul+KVStore.swift"; sourceTree = "<group>"; };
		OBJ_16 /* Consul.swift */ = {isa = PBXFileReference; lastKnownFileType = sourcecode.swift; path = Consul.swift; sourceTree = "<group>"; };
		OBJ_17 /* ConsulAgentCheck.swift */ = {isa = PBXFileReference; lastKnownFileType = sourcecode.swift; path = ConsulAgentCheck.swift; sourceTree = "<group>"; };
		OBJ_18 /* ConsulAgentConfiguration.swift */ = {isa = PBXFileReference; lastKnownFileType = sourcecode.swift; path = ConsulAgentConfiguration.swift; sourceTree = "<group>"; };
		OBJ_19 /* ConsulAgentMember.swift */ = {isa = PBXFileReference; lastKnownFileType = sourcecode.swift; path = ConsulAgentMember.swift; sourceTree = "<group>"; };
		OBJ_20 /* ConsulAgentService.swift */ = {isa = PBXFileReference; lastKnownFileType = sourcecode.swift; path = ConsulAgentService.swift; sourceTree = "<group>"; };
		OBJ_21 /* ConsulCatalogDatacenter.swift */ = {isa = PBXFileReference; lastKnownFileType = sourcecode.swift; path = ConsulCatalogDatacenter.swift; sourceTree = "<group>"; };
		OBJ_22 /* ConsulCatalogNode.swift */ = {isa = PBXFileReference; lastKnownFileType = sourcecode.swift; path = ConsulCatalogNode.swift; sourceTree = "<group>"; };
		OBJ_23 /* ConsulCatalogService.swift */ = {isa = PBXFileReference; lastKnownFileType = sourcecode.swift; path = ConsulCatalogService.swift; sourceTree = "<group>"; };
		OBJ_24 /* ConsulEvent.swift */ = {isa = PBXFileReference; lastKnownFileType = sourcecode.swift; path = ConsulEvent.swift; sourceTree = "<group>"; };
		OBJ_25 /* ConsulKeyValuePair.swift */ = {isa = PBXFileReference; lastKnownFileType = sourcecode.swift; path = ConsulKeyValuePair.swift; sourceTree = "<group>"; };
		OBJ_28 /* ConsulAgentTests.swift */ = {isa = PBXFileReference; lastKnownFileType = sourcecode.swift; path = ConsulAgentTests.swift; sourceTree = "<group>"; };
		OBJ_29 /* ConsulCatalogTests.swift */ = {isa = PBXFileReference; lastKnownFileType = sourcecode.swift; path = ConsulCatalogTests.swift; sourceTree = "<group>"; };
		OBJ_30 /* ConsulEventTests.swift */ = {isa = PBXFileReference; lastKnownFileType = sourcecode.swift; path = ConsulEventTests.swift; sourceTree = "<group>"; };
		OBJ_31 /* ConsulHealthTests.swift */ = {isa = PBXFileReference; lastKnownFileType = sourcecode.swift; path = ConsulHealthTests.swift; sourceTree = "<group>"; };
		OBJ_32 /* ConsulKeyValueTests.swift */ = {isa = PBXFileReference; lastKnownFileType = sourcecode.swift; path = ConsulKeyValueTests.swift; sourceTree = "<group>"; };
		OBJ_33 /* ConsulSwiftTests.swift */ = {isa = PBXFileReference; lastKnownFileType = sourcecode.swift; path = ConsulSwiftTests.swift; sourceTree = "<group>"; };
		OBJ_37 /* Alamofire+Synchronous.swift */ = {isa = PBXFileReference; lastKnownFileType = sourcecode.swift; path = "Alamofire+Synchronous.swift"; sourceTree = "<group>"; };
		OBJ_38 /* Quack.swift */ = {isa = PBXFileReference; lastKnownFileType = sourcecode.swift; path = Quack.swift; sourceTree = "<group>"; };
		OBJ_39 /* QuackAlamofire.swift */ = {isa = PBXFileReference; lastKnownFileType = sourcecode.swift; path = QuackAlamofire.swift; sourceTree = "<group>"; };
		OBJ_40 /* QuackBody.swift */ = {isa = PBXFileReference; lastKnownFileType = sourcecode.swift; path = QuackBody.swift; sourceTree = "<group>"; };
		OBJ_41 /* QuackClient.swift */ = {isa = PBXFileReference; lastKnownFileType = sourcecode.swift; path = QuackClient.swift; sourceTree = "<group>"; };
		OBJ_42 /* QuackCustomParser.swift */ = {isa = PBXFileReference; lastKnownFileType = sourcecode.swift; path = QuackCustomParser.swift; sourceTree = "<group>"; };
		OBJ_43 /* QuackError.swift */ = {isa = PBXFileReference; lastKnownFileType = sourcecode.swift; path = QuackError.swift; sourceTree = "<group>"; };
		OBJ_44 /* QuackHTTP.swift */ = {isa = PBXFileReference; lastKnownFileType = sourcecode.swift; path = QuackHTTP.swift; sourceTree = "<group>"; };
		OBJ_45 /* QuackModel.swift */ = {isa = PBXFileReference; lastKnownFileType = sourcecode.swift; path = QuackModel.swift; sourceTree = "<group>"; };
		OBJ_46 /* QuackRequest.swift */ = {isa = PBXFileReference; lastKnownFileType = sourcecode.swift; path = QuackRequest.swift; sourceTree = "<group>"; };
		OBJ_47 /* QuackResponse.swift */ = {isa = PBXFileReference; lastKnownFileType = sourcecode.swift; path = QuackResponse.swift; sourceTree = "<group>"; };
		OBJ_48 /* Package.swift */ = {isa = PBXFileReference; explicitFileType = sourcecode.swift; name = Package.swift; path = "/Users/christoph/Development/private/ConsulSwift/.build/checkouts/quack-3810903785822051361/Package.swift"; sourceTree = "<group>"; };
		OBJ_51 /* Result.swift */ = {isa = PBXFileReference; lastKnownFileType = sourcecode.swift; path = Result.swift; sourceTree = "<group>"; };
		OBJ_52 /* ResultProtocol.swift */ = {isa = PBXFileReference; lastKnownFileType = sourcecode.swift; path = ResultProtocol.swift; sourceTree = "<group>"; };
		OBJ_53 /* Package.swift */ = {isa = PBXFileReference; explicitFileType = sourcecode.swift; name = Package.swift; path = "/Users/christoph/Development/private/ConsulSwift/.build/checkouts/Result.git-8684547452332391156/Package.swift"; sourceTree = "<group>"; };
		OBJ_56 /* LclJSONSerialization.swift */ = {isa = PBXFileReference; lastKnownFileType = sourcecode.swift; path = LclJSONSerialization.swift; sourceTree = "<group>"; };
		OBJ_57 /* SwiftyJSON.swift */ = {isa = PBXFileReference; lastKnownFileType = sourcecode.swift; path = SwiftyJSON.swift; sourceTree = "<group>"; };
		OBJ_58 /* Package.swift */ = {isa = PBXFileReference; explicitFileType = sourcecode.swift; name = Package.swift; path = "/Users/christoph/Development/private/ConsulSwift/.build/checkouts/SwiftyJSON.git--6955445084174387031/Package.swift"; sourceTree = "<group>"; };
		OBJ_6 /* Package.swift */ = {isa = PBXFileReference; explicitFileType = sourcecode.swift; path = Package.swift; sourceTree = "<group>"; };
		OBJ_60 /* Package.swift */ = {isa = PBXFileReference; explicitFileType = sourcecode.swift; name = Package.swift; path = "/Users/christoph/Development/private/ConsulSwift/.build/checkouts/Alamofire--7888903134044690114/Package.swift"; sourceTree = "<group>"; };
		OBJ_61 /* AFError.swift */ = {isa = PBXFileReference; lastKnownFileType = sourcecode.swift; path = AFError.swift; sourceTree = "<group>"; };
		OBJ_62 /* Alamofire.swift */ = {isa = PBXFileReference; lastKnownFileType = sourcecode.swift; path = Alamofire.swift; sourceTree = "<group>"; };
		OBJ_63 /* DispatchQueue+Alamofire.swift */ = {isa = PBXFileReference; lastKnownFileType = sourcecode.swift; path = "DispatchQueue+Alamofire.swift"; sourceTree = "<group>"; };
		OBJ_64 /* MultipartFormData.swift */ = {isa = PBXFileReference; lastKnownFileType = sourcecode.swift; path = MultipartFormData.swift; sourceTree = "<group>"; };
		OBJ_65 /* NetworkReachabilityManager.swift */ = {isa = PBXFileReference; lastKnownFileType = sourcecode.swift; path = NetworkReachabilityManager.swift; sourceTree = "<group>"; };
		OBJ_66 /* Notifications.swift */ = {isa = PBXFileReference; lastKnownFileType = sourcecode.swift; path = Notifications.swift; sourceTree = "<group>"; };
		OBJ_67 /* ParameterEncoding.swift */ = {isa = PBXFileReference; lastKnownFileType = sourcecode.swift; path = ParameterEncoding.swift; sourceTree = "<group>"; };
		OBJ_68 /* Request.swift */ = {isa = PBXFileReference; lastKnownFileType = sourcecode.swift; path = Request.swift; sourceTree = "<group>"; };
		OBJ_69 /* Response.swift */ = {isa = PBXFileReference; lastKnownFileType = sourcecode.swift; path = Response.swift; sourceTree = "<group>"; };
		OBJ_70 /* ResponseSerialization.swift */ = {isa = PBXFileReference; lastKnownFileType = sourcecode.swift; path = ResponseSerialization.swift; sourceTree = "<group>"; };
		OBJ_71 /* Result.swift */ = {isa = PBXFileReference; lastKnownFileType = sourcecode.swift; path = Result.swift; sourceTree = "<group>"; };
		OBJ_72 /* ServerTrustPolicy.swift */ = {isa = PBXFileReference; lastKnownFileType = sourcecode.swift; path = ServerTrustPolicy.swift; sourceTree = "<group>"; };
		OBJ_73 /* SessionDelegate.swift */ = {isa = PBXFileReference; lastKnownFileType = sourcecode.swift; path = SessionDelegate.swift; sourceTree = "<group>"; };
		OBJ_74 /* SessionManager.swift */ = {isa = PBXFileReference; lastKnownFileType = sourcecode.swift; path = SessionManager.swift; sourceTree = "<group>"; };
		OBJ_75 /* TaskDelegate.swift */ = {isa = PBXFileReference; lastKnownFileType = sourcecode.swift; path = TaskDelegate.swift; sourceTree = "<group>"; };
		OBJ_76 /* Timeline.swift */ = {isa = PBXFileReference; lastKnownFileType = sourcecode.swift; path = Timeline.swift; sourceTree = "<group>"; };
		OBJ_77 /* Validation.swift */ = {isa = PBXFileReference; lastKnownFileType = sourcecode.swift; path = Validation.swift; sourceTree = "<group>"; };
		OBJ_9 /* Consul+AgentBase.swift */ = {isa = PBXFileReference; lastKnownFileType = sourcecode.swift; path = "Consul+AgentBase.swift"; sourceTree = "<group>"; };
		"Quack::Quack::Product" /* Quack.framework */ = {isa = PBXFileReference; explicitFileType = wrapper.framework; path = Quack.framework; sourceTree = BUILT_PRODUCTS_DIR; };
		"Result::Result::Product" /* Result.framework */ = {isa = PBXFileReference; explicitFileType = wrapper.framework; path = Result.framework; sourceTree = BUILT_PRODUCTS_DIR; };
		"SwiftyJSON::SwiftyJSON::Product" /* SwiftyJSON.framework */ = {isa = PBXFileReference; explicitFileType = wrapper.framework; path = SwiftyJSON.framework; sourceTree = BUILT_PRODUCTS_DIR; };
/* End PBXFileReference section */

/* Begin PBXFrameworksBuildPhase section */
		OBJ_107 /* Frameworks */ = {
			isa = PBXFrameworksBuildPhase;
			buildActionMask = 0;
			files = (
			);
			runOnlyForDeploymentPostprocessing = 0;
		};
		OBJ_136 /* Frameworks */ = {
			isa = PBXFrameworksBuildPhase;
			buildActionMask = 0;
			files = (
				OBJ_137 /* Quack.framework in Frameworks */,
				OBJ_138 /* Result.framework in Frameworks */,
				OBJ_139 /* SwiftyJSON.framework in Frameworks */,
				OBJ_140 /* Alamofire.framework in Frameworks */,
			);
			runOnlyForDeploymentPostprocessing = 0;
		};
		OBJ_170 /* Frameworks */ = {
			isa = PBXFrameworksBuildPhase;
			buildActionMask = 0;
			files = (
				OBJ_171 /* ConsulSwift.framework in Frameworks */,
				OBJ_172 /* Quack.framework in Frameworks */,
				OBJ_173 /* Result.framework in Frameworks */,
				OBJ_174 /* SwiftyJSON.framework in Frameworks */,
				OBJ_175 /* Alamofire.framework in Frameworks */,
			);
			runOnlyForDeploymentPostprocessing = 0;
		};
		OBJ_196 /* Frameworks */ = {
			isa = PBXFrameworksBuildPhase;
			buildActionMask = 0;
			files = (
				OBJ_197 /* Result.framework in Frameworks */,
				OBJ_198 /* SwiftyJSON.framework in Frameworks */,
				OBJ_199 /* Alamofire.framework in Frameworks */,
			);
			runOnlyForDeploymentPostprocessing = 0;
		};
		OBJ_215 /* Frameworks */ = {
			isa = PBXFrameworksBuildPhase;
			buildActionMask = 0;
			files = (
			);
			runOnlyForDeploymentPostprocessing = 0;
		};
		OBJ_228 /* Frameworks */ = {
			isa = PBXFrameworksBuildPhase;
			buildActionMask = 0;
			files = (
			);
			runOnlyForDeploymentPostprocessing = 0;
		};
/* End PBXFrameworksBuildPhase section */

/* Begin PBXGroup section */
		OBJ_26 /* Tests */ = {
			isa = PBXGroup;
			children = (
				OBJ_27 /* ConsulSwiftTests */,
			);
			name = Tests;
			sourceTree = SOURCE_ROOT;
		};
		OBJ_27 /* ConsulSwiftTests */ = {
			isa = PBXGroup;
			children = (
				OBJ_28 /* ConsulAgentTests.swift */,
				OBJ_29 /* ConsulCatalogTests.swift */,
				OBJ_30 /* ConsulEventTests.swift */,
				OBJ_31 /* ConsulHealthTests.swift */,
				OBJ_32 /* ConsulKeyValueTests.swift */,
				OBJ_33 /* ConsulSwiftTests.swift */,
			);
			name = ConsulSwiftTests;
			path = Tests/ConsulSwiftTests;
			sourceTree = SOURCE_ROOT;
		};
		OBJ_34 /* Dependencies */ = {
			isa = PBXGroup;
			children = (
				OBJ_35 /* Quack 1.3.1 */,
				OBJ_49 /* Result 3.2.4 */,
				OBJ_54 /* SwiftyJSON 17.0.1 */,
				OBJ_59 /* Alamofire 4.7.1 */,
			);
			name = Dependencies;
			sourceTree = "<group>";
		};
		OBJ_35 /* Quack 1.3.1 */ = {
			isa = PBXGroup;
			children = (
				OBJ_36 /* Quack */,
				OBJ_48 /* Package.swift */,
			);
			name = "Quack 1.3.1";
			sourceTree = SOURCE_ROOT;
		};
		OBJ_36 /* Quack */ = {
			isa = PBXGroup;
			children = (
				OBJ_37 /* Alamofire+Synchronous.swift */,
				OBJ_38 /* Quack.swift */,
				OBJ_39 /* QuackAlamofire.swift */,
				OBJ_40 /* QuackBody.swift */,
				OBJ_41 /* QuackClient.swift */,
				OBJ_42 /* QuackCustomParser.swift */,
				OBJ_43 /* QuackError.swift */,
				OBJ_44 /* QuackHTTP.swift */,
				OBJ_45 /* QuackModel.swift */,
				OBJ_46 /* QuackRequest.swift */,
				OBJ_47 /* QuackResponse.swift */,
			);
			name = Quack;
			path = ".build/checkouts/quack-3810903785822051361/Sources/Quack";
			sourceTree = SOURCE_ROOT;
		};
		OBJ_49 /* Result 3.2.4 */ = {
			isa = PBXGroup;
			children = (
				OBJ_50 /* Result */,
				OBJ_53 /* Package.swift */,
			);
			name = "Result 3.2.4";
			sourceTree = SOURCE_ROOT;
		};
		OBJ_5 /*  */ = {
			isa = PBXGroup;
			children = (
				OBJ_6 /* Package.swift */,
				OBJ_7 /* Sources */,
				OBJ_26 /* Tests */,
				OBJ_34 /* Dependencies */,
				OBJ_78 /* Products */,
			);
			name = "";
			sourceTree = "<group>";
		};
		OBJ_50 /* Result */ = {
			isa = PBXGroup;
			children = (
				OBJ_51 /* Result.swift */,
				OBJ_52 /* ResultProtocol.swift */,
			);
			name = Result;
			path = ".build/checkouts/Result.git-8684547452332391156/Result";
			sourceTree = SOURCE_ROOT;
		};
		OBJ_54 /* SwiftyJSON 17.0.1 */ = {
			isa = PBXGroup;
			children = (
				OBJ_55 /* SwiftyJSON */,
				OBJ_58 /* Package.swift */,
			);
			name = "SwiftyJSON 17.0.1";
			sourceTree = SOURCE_ROOT;
		};
		OBJ_55 /* SwiftyJSON */ = {
			isa = PBXGroup;
			children = (
				OBJ_56 /* LclJSONSerialization.swift */,
				OBJ_57 /* SwiftyJSON.swift */,
			);
			name = SwiftyJSON;
			path = ".build/checkouts/SwiftyJSON.git--6955445084174387031/Sources/SwiftyJSON";
			sourceTree = SOURCE_ROOT;
		};
		OBJ_59 /* Alamofire 4.7.1 */ = {
			isa = PBXGroup;
			children = (
				OBJ_60 /* Package.swift */,
				OBJ_61 /* AFError.swift */,
				OBJ_62 /* Alamofire.swift */,
				OBJ_63 /* DispatchQueue+Alamofire.swift */,
				OBJ_64 /* MultipartFormData.swift */,
				OBJ_65 /* NetworkReachabilityManager.swift */,
				OBJ_66 /* Notifications.swift */,
				OBJ_67 /* ParameterEncoding.swift */,
				OBJ_68 /* Request.swift */,
				OBJ_69 /* Response.swift */,
				OBJ_70 /* ResponseSerialization.swift */,
				OBJ_71 /* Result.swift */,
				OBJ_72 /* ServerTrustPolicy.swift */,
				OBJ_73 /* SessionDelegate.swift */,
				OBJ_74 /* SessionManager.swift */,
				OBJ_75 /* TaskDelegate.swift */,
				OBJ_76 /* Timeline.swift */,
				OBJ_77 /* Validation.swift */,
			);
			name = "Alamofire 4.7.1";
			path = ".build/checkouts/Alamofire--7888903134044690114/Source";
			sourceTree = SOURCE_ROOT;
		};
		OBJ_7 /* Sources */ = {
			isa = PBXGroup;
			children = (
				OBJ_8 /* ConsulSwift */,
			);
			name = Sources;
			sourceTree = SOURCE_ROOT;
		};
		OBJ_78 /* Products */ = {
			isa = PBXGroup;
			children = (
				"SwiftyJSON::SwiftyJSON::Product" /* SwiftyJSON.framework */,
				"Alamofire::Alamofire::Product" /* Alamofire.framework */,
				"Result::Result::Product" /* Result.framework */,
				"Quack::Quack::Product" /* Quack.framework */,
				"ConsulSwift::ConsulSwiftTests::Product" /* ConsulSwiftTests.xctest */,
				"ConsulSwift::ConsulSwift::Product" /* ConsulSwift.framework */,
			);
			name = Products;
			sourceTree = BUILT_PRODUCTS_DIR;
		};
		OBJ_8 /* ConsulSwift */ = {
			isa = PBXGroup;
			children = (
				OBJ_9 /* Consul+AgentBase.swift */,
				OBJ_10 /* Consul+AgentChecks.swift */,
				OBJ_11 /* Consul+AgentServices.swift */,
				OBJ_12 /* Consul+Catalog.swift */,
				OBJ_13 /* Consul+Events.swift */,
				OBJ_14 /* Consul+Health.swift */,
				OBJ_15 /* Consul+KVStore.swift */,
				OBJ_16 /* Consul.swift */,
				OBJ_17 /* ConsulAgentCheck.swift */,
				OBJ_18 /* ConsulAgentConfiguration.swift */,
				OBJ_19 /* ConsulAgentMember.swift */,
				OBJ_20 /* ConsulAgentService.swift */,
				OBJ_21 /* ConsulCatalogDatacenter.swift */,
				OBJ_22 /* ConsulCatalogNode.swift */,
				OBJ_23 /* ConsulCatalogService.swift */,
				OBJ_24 /* ConsulEvent.swift */,
				OBJ_25 /* ConsulKeyValuePair.swift */,
			);
			name = ConsulSwift;
			path = Sources/ConsulSwift;
			sourceTree = SOURCE_ROOT;
		};
/* End PBXGroup section */

/* Begin PBXNativeTarget section */
		"Alamofire::Alamofire" /* Alamofire */ = {
			isa = PBXNativeTarget;
			buildConfigurationList = OBJ_86 /* Build configuration list for PBXNativeTarget "Alamofire" */;
			buildPhases = (
				OBJ_89 /* Sources */,
				OBJ_107 /* Frameworks */,
			);
			buildRules = (
			);
			dependencies = (
			);
			name = Alamofire;
			productName = Alamofire;
			productReference = "Alamofire::Alamofire::Product" /* Alamofire.framework */;
			productType = "com.apple.product-type.framework";
		};
		"Alamofire::SwiftPMPackageDescription" /* AlamofirePackageDescription */ = {
			isa = PBXNativeTarget;
			buildConfigurationList = OBJ_109 /* Build configuration list for PBXNativeTarget "AlamofirePackageDescription" */;
			buildPhases = (
				OBJ_112 /* Sources */,
			);
			buildRules = (
			);
			dependencies = (
			);
			name = AlamofirePackageDescription;
			productName = AlamofirePackageDescription;
			productType = "com.apple.product-type.framework";
		};
		"ConsulSwift::ConsulSwift" /* ConsulSwift */ = {
			isa = PBXNativeTarget;
			buildConfigurationList = OBJ_115 /* Build configuration list for PBXNativeTarget "ConsulSwift" */;
			buildPhases = (
				OBJ_118 /* Sources */,
				OBJ_136 /* Frameworks */,
			);
			buildRules = (
			);
			dependencies = (
				OBJ_141 /* PBXTargetDependency */,
				OBJ_143 /* PBXTargetDependency */,
				OBJ_145 /* PBXTargetDependency */,
				OBJ_147 /* PBXTargetDependency */,
			);
			name = ConsulSwift;
			productName = ConsulSwift;
			productReference = "ConsulSwift::ConsulSwift::Product" /* ConsulSwift.framework */;
			productType = "com.apple.product-type.framework";
		};
		"ConsulSwift::ConsulSwiftTests" /* ConsulSwiftTests */ = {
			isa = PBXNativeTarget;
			buildConfigurationList = OBJ_160 /* Build configuration list for PBXNativeTarget "ConsulSwiftTests" */;
			buildPhases = (
				OBJ_163 /* Sources */,
				OBJ_170 /* Frameworks */,
			);
			buildRules = (
			);
			dependencies = (
				OBJ_176 /* PBXTargetDependency */,
				OBJ_177 /* PBXTargetDependency */,
				OBJ_178 /* PBXTargetDependency */,
				OBJ_179 /* PBXTargetDependency */,
				OBJ_180 /* PBXTargetDependency */,
			);
			name = ConsulSwiftTests;
			productName = ConsulSwiftTests;
			productReference = "ConsulSwift::ConsulSwiftTests::Product" /* ConsulSwiftTests.xctest */;
			productType = "com.apple.product-type.bundle.unit-test";
		};
		"ConsulSwift::SwiftPMPackageDescription" /* ConsulSwiftPackageDescription */ = {
			isa = PBXNativeTarget;
			buildConfigurationList = OBJ_149 /* Build configuration list for PBXNativeTarget "ConsulSwiftPackageDescription" */;
			buildPhases = (
				OBJ_152 /* Sources */,
			);
			buildRules = (
			);
			dependencies = (
			);
			name = ConsulSwiftPackageDescription;
			productName = ConsulSwiftPackageDescription;
			productType = "com.apple.product-type.framework";
		};
		"Quack::Quack" /* Quack */ = {
			isa = PBXNativeTarget;
			buildConfigurationList = OBJ_181 /* Build configuration list for PBXNativeTarget "Quack" */;
			buildPhases = (
				OBJ_184 /* Sources */,
				OBJ_196 /* Frameworks */,
			);
			buildRules = (
			);
			dependencies = (
				OBJ_200 /* PBXTargetDependency */,
				OBJ_201 /* PBXTargetDependency */,
				OBJ_202 /* PBXTargetDependency */,
			);
			name = Quack;
			productName = Quack;
			productReference = "Quack::Quack::Product" /* Quack.framework */;
			productType = "com.apple.product-type.framework";
		};
		"Quack::SwiftPMPackageDescription" /* QuackPackageDescription */ = {
			isa = PBXNativeTarget;
			buildConfigurationList = OBJ_204 /* Build configuration list for PBXNativeTarget "QuackPackageDescription" */;
			buildPhases = (
				OBJ_207 /* Sources */,
			);
			buildRules = (
			);
			dependencies = (
			);
			name = QuackPackageDescription;
			productName = QuackPackageDescription;
			productType = "com.apple.product-type.framework";
		};
		"Result::Result" /* Result */ = {
			isa = PBXNativeTarget;
			buildConfigurationList = OBJ_209 /* Build configuration list for PBXNativeTarget "Result" */;
			buildPhases = (
				OBJ_212 /* Sources */,
				OBJ_215 /* Frameworks */,
			);
			buildRules = (
			);
			dependencies = (
			);
			name = Result;
			productName = Result;
			productReference = "Result::Result::Product" /* Result.framework */;
			productType = "com.apple.product-type.framework";
		};
		"Result::SwiftPMPackageDescription" /* ResultPackageDescription */ = {
			isa = PBXNativeTarget;
			buildConfigurationList = OBJ_217 /* Build configuration list for PBXNativeTarget "ResultPackageDescription" */;
			buildPhases = (
				OBJ_220 /* Sources */,
			);
			buildRules = (
			);
			dependencies = (
			);
			name = ResultPackageDescription;
			productName = ResultPackageDescription;
			productType = "com.apple.product-type.framework";
		};
		"SwiftyJSON::SwiftPMPackageDescription" /* SwiftyJSONPackageDescription */ = {
			isa = PBXNativeTarget;
			buildConfigurationList = OBJ_230 /* Build configuration list for PBXNativeTarget "SwiftyJSONPackageDescription" */;
			buildPhases = (
				OBJ_233 /* Sources */,
			);
			buildRules = (
			);
			dependencies = (
			);
			name = SwiftyJSONPackageDescription;
			productName = SwiftyJSONPackageDescription;
			productType = "com.apple.product-type.framework";
		};
		"SwiftyJSON::SwiftyJSON" /* SwiftyJSON */ = {
			isa = PBXNativeTarget;
			buildConfigurationList = OBJ_222 /* Build configuration list for PBXNativeTarget "SwiftyJSON" */;
			buildPhases = (
				OBJ_225 /* Sources */,
				OBJ_228 /* Frameworks */,
			);
			buildRules = (
			);
			dependencies = (
			);
			name = SwiftyJSON;
			productName = SwiftyJSON;
			productReference = "SwiftyJSON::SwiftyJSON::Product" /* SwiftyJSON.framework */;
			productType = "com.apple.product-type.framework";
		};
/* End PBXNativeTarget section */

/* Begin PBXProject section */
		OBJ_1 /* Project object */ = {
			isa = PBXProject;
			attributes = {
				LastUpgradeCheck = 9999;
			};
			buildConfigurationList = OBJ_2 /* Build configuration list for PBXProject "ConsulSwift" */;
			compatibilityVersion = "Xcode 3.2";
			developmentRegion = English;
			hasScannedForEncodings = 0;
			knownRegions = (
				en,
			);
			mainGroup = OBJ_5 /*  */;
			productRefGroup = OBJ_78 /* Products */;
			projectDirPath = "";
			projectRoot = "";
			targets = (
				"Alamofire::Alamofire" /* Alamofire */,
				"Alamofire::SwiftPMPackageDescription" /* AlamofirePackageDescription */,
				"ConsulSwift::ConsulSwift" /* ConsulSwift */,
				"ConsulSwift::SwiftPMPackageDescription" /* ConsulSwiftPackageDescription */,
				"ConsulSwift::ConsulSwiftPackageTests::ProductTarget" /* ConsulSwiftPackageTests */,
				"ConsulSwift::ConsulSwiftTests" /* ConsulSwiftTests */,
				"Quack::Quack" /* Quack */,
				"Quack::SwiftPMPackageDescription" /* QuackPackageDescription */,
				"Result::Result" /* Result */,
				"Result::SwiftPMPackageDescription" /* ResultPackageDescription */,
				"SwiftyJSON::SwiftyJSON" /* SwiftyJSON */,
				"SwiftyJSON::SwiftPMPackageDescription" /* SwiftyJSONPackageDescription */,
			);
		};
/* End PBXProject section */

/* Begin PBXSourcesBuildPhase section */
		OBJ_112 /* Sources */ = {
			isa = PBXSourcesBuildPhase;
			buildActionMask = 0;
			files = (
				OBJ_113 /* Package.swift in Sources */,
			);
			runOnlyForDeploymentPostprocessing = 0;
		};
		OBJ_118 /* Sources */ = {
			isa = PBXSourcesBuildPhase;
			buildActionMask = 0;
			files = (
				OBJ_119 /* Consul+AgentBase.swift in Sources */,
				OBJ_120 /* Consul+AgentChecks.swift in Sources */,
				OBJ_121 /* Consul+AgentServices.swift in Sources */,
				OBJ_122 /* Consul+Catalog.swift in Sources */,
				OBJ_123 /* Consul+Events.swift in Sources */,
				OBJ_124 /* Consul+Health.swift in Sources */,
				OBJ_125 /* Consul+KVStore.swift in Sources */,
				OBJ_126 /* Consul.swift in Sources */,
				OBJ_127 /* ConsulAgentCheck.swift in Sources */,
				OBJ_128 /* ConsulAgentConfiguration.swift in Sources */,
				OBJ_129 /* ConsulAgentMember.swift in Sources */,
				OBJ_130 /* ConsulAgentService.swift in Sources */,
				OBJ_131 /* ConsulCatalogDatacenter.swift in Sources */,
				OBJ_132 /* ConsulCatalogNode.swift in Sources */,
				OBJ_133 /* ConsulCatalogService.swift in Sources */,
				OBJ_134 /* ConsulEvent.swift in Sources */,
				OBJ_135 /* ConsulKeyValuePair.swift in Sources */,
			);
			runOnlyForDeploymentPostprocessing = 0;
		};
		OBJ_152 /* Sources */ = {
			isa = PBXSourcesBuildPhase;
			buildActionMask = 0;
			files = (
				OBJ_153 /* Package.swift in Sources */,
			);
			runOnlyForDeploymentPostprocessing = 0;
		};
		OBJ_163 /* Sources */ = {
			isa = PBXSourcesBuildPhase;
			buildActionMask = 0;
			files = (
				OBJ_164 /* ConsulAgentTests.swift in Sources */,
				OBJ_165 /* ConsulCatalogTests.swift in Sources */,
				OBJ_166 /* ConsulEventTests.swift in Sources */,
				OBJ_167 /* ConsulHealthTests.swift in Sources */,
				OBJ_168 /* ConsulKeyValueTests.swift in Sources */,
				OBJ_169 /* ConsulSwiftTests.swift in Sources */,
			);
			runOnlyForDeploymentPostprocessing = 0;
		};
		OBJ_184 /* Sources */ = {
			isa = PBXSourcesBuildPhase;
			buildActionMask = 0;
			files = (
				OBJ_185 /* Alamofire+Synchronous.swift in Sources */,
				OBJ_186 /* Quack.swift in Sources */,
				OBJ_187 /* QuackAlamofire.swift in Sources */,
				OBJ_188 /* QuackBody.swift in Sources */,
				OBJ_189 /* QuackClient.swift in Sources */,
				OBJ_190 /* QuackCustomParser.swift in Sources */,
				OBJ_191 /* QuackError.swift in Sources */,
				OBJ_192 /* QuackHTTP.swift in Sources */,
				OBJ_193 /* QuackModel.swift in Sources */,
				OBJ_194 /* QuackRequest.swift in Sources */,
				OBJ_195 /* QuackResponse.swift in Sources */,
			);
			runOnlyForDeploymentPostprocessing = 0;
		};
		OBJ_207 /* Sources */ = {
			isa = PBXSourcesBuildPhase;
			buildActionMask = 0;
			files = (
				OBJ_208 /* Package.swift in Sources */,
			);
			runOnlyForDeploymentPostprocessing = 0;
		};
		OBJ_212 /* Sources */ = {
			isa = PBXSourcesBuildPhase;
			buildActionMask = 0;
			files = (
				OBJ_213 /* Result.swift in Sources */,
				OBJ_214 /* ResultProtocol.swift in Sources */,
			);
			runOnlyForDeploymentPostprocessing = 0;
		};
		OBJ_220 /* Sources */ = {
			isa = PBXSourcesBuildPhase;
			buildActionMask = 0;
			files = (
				OBJ_221 /* Package.swift in Sources */,
			);
			runOnlyForDeploymentPostprocessing = 0;
		};
		OBJ_225 /* Sources */ = {
			isa = PBXSourcesBuildPhase;
			buildActionMask = 0;
			files = (
				OBJ_226 /* LclJSONSerialization.swift in Sources */,
				OBJ_227 /* SwiftyJSON.swift in Sources */,
			);
			runOnlyForDeploymentPostprocessing = 0;
		};
		OBJ_233 /* Sources */ = {
			isa = PBXSourcesBuildPhase;
			buildActionMask = 0;
			files = (
				OBJ_234 /* Package.swift in Sources */,
			);
			runOnlyForDeploymentPostprocessing = 0;
		};
		OBJ_89 /* Sources */ = {
			isa = PBXSourcesBuildPhase;
			buildActionMask = 0;
			files = (
				OBJ_90 /* AFError.swift in Sources */,
				OBJ_91 /* Alamofire.swift in Sources */,
				OBJ_92 /* DispatchQueue+Alamofire.swift in Sources */,
				OBJ_93 /* MultipartFormData.swift in Sources */,
				OBJ_94 /* NetworkReachabilityManager.swift in Sources */,
				OBJ_95 /* Notifications.swift in Sources */,
				OBJ_96 /* ParameterEncoding.swift in Sources */,
				OBJ_97 /* Request.swift in Sources */,
				OBJ_98 /* Response.swift in Sources */,
				OBJ_99 /* ResponseSerialization.swift in Sources */,
				OBJ_100 /* Result.swift in Sources */,
				OBJ_101 /* ServerTrustPolicy.swift in Sources */,
				OBJ_102 /* SessionDelegate.swift in Sources */,
				OBJ_103 /* SessionManager.swift in Sources */,
				OBJ_104 /* TaskDelegate.swift in Sources */,
				OBJ_105 /* Timeline.swift in Sources */,
				OBJ_106 /* Validation.swift in Sources */,
			);
			runOnlyForDeploymentPostprocessing = 0;
		};
/* End PBXSourcesBuildPhase section */

/* Begin PBXTargetDependency section */
		OBJ_141 /* PBXTargetDependency */ = {
			isa = PBXTargetDependency;
			target = "Quack::Quack" /* Quack */;
			targetProxy = 5924DCA2207E091E009139F8 /* PBXContainerItemProxy */;
		};
		OBJ_143 /* PBXTargetDependency */ = {
			isa = PBXTargetDependency;
			target = "Result::Result" /* Result */;
			targetProxy = 5924DCA3207E091E009139F8 /* PBXContainerItemProxy */;
		};
		OBJ_145 /* PBXTargetDependency */ = {
			isa = PBXTargetDependency;
			target = "SwiftyJSON::SwiftyJSON" /* SwiftyJSON */;
			targetProxy = 5924DCA4207E091E009139F8 /* PBXContainerItemProxy */;
		};
		OBJ_147 /* PBXTargetDependency */ = {
			isa = PBXTargetDependency;
			target = "Alamofire::Alamofire" /* Alamofire */;
			targetProxy = 5924DCA5207E091E009139F8 /* PBXContainerItemProxy */;
		};
		OBJ_158 /* PBXTargetDependency */ = {
			isa = PBXTargetDependency;
			target = "ConsulSwift::ConsulSwiftTests" /* ConsulSwiftTests */;
			targetProxy = 5924DCAB207E091F009139F8 /* PBXContainerItemProxy */;
		};
		OBJ_176 /* PBXTargetDependency */ = {
			isa = PBXTargetDependency;
			target = "ConsulSwift::ConsulSwift" /* ConsulSwift */;
			targetProxy = 5924DCA6207E091E009139F8 /* PBXContainerItemProxy */;
		};
		OBJ_177 /* PBXTargetDependency */ = {
			isa = PBXTargetDependency;
			target = "Quack::Quack" /* Quack */;
			targetProxy = 5924DCA7207E091E009139F8 /* PBXContainerItemProxy */;
		};
		OBJ_178 /* PBXTargetDependency */ = {
			isa = PBXTargetDependency;
			target = "Result::Result" /* Result */;
			targetProxy = 5924DCA8207E091E009139F8 /* PBXContainerItemProxy */;
		};
		OBJ_179 /* PBXTargetDependency */ = {
			isa = PBXTargetDependency;
			target = "SwiftyJSON::SwiftyJSON" /* SwiftyJSON */;
			targetProxy = 5924DCA9207E091E009139F8 /* PBXContainerItemProxy */;
		};
		OBJ_180 /* PBXTargetDependency */ = {
			isa = PBXTargetDependency;
			target = "Alamofire::Alamofire" /* Alamofire */;
			targetProxy = 5924DCAA207E091E009139F8 /* PBXContainerItemProxy */;
		};
		OBJ_200 /* PBXTargetDependency */ = {
			isa = PBXTargetDependency;
			target = "Result::Result" /* Result */;
			targetProxy = 5924DC9F207E091E009139F8 /* PBXContainerItemProxy */;
		};
		OBJ_201 /* PBXTargetDependency */ = {
			isa = PBXTargetDependency;
			target = "SwiftyJSON::SwiftyJSON" /* SwiftyJSON */;
			targetProxy = 5924DCA0207E091E009139F8 /* PBXContainerItemProxy */;
		};
		OBJ_202 /* PBXTargetDependency */ = {
			isa = PBXTargetDependency;
			target = "Alamofire::Alamofire" /* Alamofire */;
			targetProxy = 5924DCA1207E091E009139F8 /* PBXContainerItemProxy */;
		};
/* End PBXTargetDependency section */

/* Begin XCBuildConfiguration section */
		OBJ_110 /* Debug */ = {
			isa = XCBuildConfiguration;
			buildSettings = {
				LD = /usr/bin/true;
				OTHER_SWIFT_FLAGS = "-swift-version 3 -I $(TOOLCHAIN_DIR)/usr/lib/swift/pm/3 -target x86_64-apple-macosx10.10 -sdk /Applications/Xcode.app/Contents/Developer/Platforms/MacOSX.platform/Developer/SDKs/MacOSX10.13.sdk";
				SWIFT_VERSION = 3.0;
			};
			name = Debug;
		};
		OBJ_111 /* Release */ = {
			isa = XCBuildConfiguration;
			buildSettings = {
				LD = /usr/bin/true;
				OTHER_SWIFT_FLAGS = "-swift-version 3 -I $(TOOLCHAIN_DIR)/usr/lib/swift/pm/3 -target x86_64-apple-macosx10.10 -sdk /Applications/Xcode.app/Contents/Developer/Platforms/MacOSX.platform/Developer/SDKs/MacOSX10.13.sdk";
				SWIFT_VERSION = 3.0;
			};
			name = Release;
		};
		OBJ_116 /* Debug */ = {
			isa = XCBuildConfiguration;
			buildSettings = {
				ENABLE_TESTABILITY = YES;
				FRAMEWORK_SEARCH_PATHS = (
					"$(inherited)",
					"$(PLATFORM_DIR)/Developer/Library/Frameworks",
				);
				HEADER_SEARCH_PATHS = "$(inherited)";
				INFOPLIST_FILE = ConsulSwift.xcodeproj/ConsulSwift_Info.plist;
				LD_RUNPATH_SEARCH_PATHS = "$(inherited) $(TOOLCHAIN_DIR)/usr/lib/swift/macosx";
				OTHER_CFLAGS = "$(inherited)";
				OTHER_LDFLAGS = "$(inherited)";
				OTHER_SWIFT_FLAGS = "$(inherited)";
				PRODUCT_BUNDLE_IDENTIFIER = ConsulSwift;
				PRODUCT_MODULE_NAME = "$(TARGET_NAME:c99extidentifier)";
				PRODUCT_NAME = "$(TARGET_NAME:c99extidentifier)";
				SKIP_INSTALL = YES;
				SWIFT_VERSION = 4.0;
				TARGET_NAME = ConsulSwift;
			};
			name = Debug;
		};
		OBJ_117 /* Release */ = {
			isa = XCBuildConfiguration;
			buildSettings = {
				ENABLE_TESTABILITY = YES;
				FRAMEWORK_SEARCH_PATHS = (
					"$(inherited)",
					"$(PLATFORM_DIR)/Developer/Library/Frameworks",
				);
				HEADER_SEARCH_PATHS = "$(inherited)";
				INFOPLIST_FILE = ConsulSwift.xcodeproj/ConsulSwift_Info.plist;
				LD_RUNPATH_SEARCH_PATHS = "$(inherited) $(TOOLCHAIN_DIR)/usr/lib/swift/macosx";
				OTHER_CFLAGS = "$(inherited)";
				OTHER_LDFLAGS = "$(inherited)";
				OTHER_SWIFT_FLAGS = "$(inherited)";
				PRODUCT_BUNDLE_IDENTIFIER = ConsulSwift;
				PRODUCT_MODULE_NAME = "$(TARGET_NAME:c99extidentifier)";
				PRODUCT_NAME = "$(TARGET_NAME:c99extidentifier)";
				SKIP_INSTALL = YES;
				SWIFT_VERSION = 4.0;
				TARGET_NAME = ConsulSwift;
			};
			name = Release;
		};
		OBJ_150 /* Debug */ = {
			isa = XCBuildConfiguration;
			buildSettings = {
				LD = /usr/bin/true;
				OTHER_SWIFT_FLAGS = "-swift-version 4 -I $(TOOLCHAIN_DIR)/usr/lib/swift/pm/4 -target x86_64-apple-macosx10.10 -sdk /Applications/Xcode.app/Contents/Developer/Platforms/MacOSX.platform/Developer/SDKs/MacOSX10.13.sdk";
				SWIFT_VERSION = 4.0;
			};
			name = Debug;
		};
		OBJ_151 /* Release */ = {
			isa = XCBuildConfiguration;
			buildSettings = {
				LD = /usr/bin/true;
				OTHER_SWIFT_FLAGS = "-swift-version 4 -I $(TOOLCHAIN_DIR)/usr/lib/swift/pm/4 -target x86_64-apple-macosx10.10 -sdk /Applications/Xcode.app/Contents/Developer/Platforms/MacOSX.platform/Developer/SDKs/MacOSX10.13.sdk";
				SWIFT_VERSION = 4.0;
			};
			name = Release;
		};
		OBJ_156 /* Debug */ = {
			isa = XCBuildConfiguration;
			buildSettings = {
			};
			name = Debug;
		};
		OBJ_157 /* Release */ = {
			isa = XCBuildConfiguration;
			buildSettings = {
			};
			name = Release;
		};
		OBJ_161 /* Debug */ = {
			isa = XCBuildConfiguration;
			buildSettings = {
				EMBEDDED_CONTENT_CONTAINS_SWIFT = YES;
				FRAMEWORK_SEARCH_PATHS = (
					"$(inherited)",
					"$(PLATFORM_DIR)/Developer/Library/Frameworks",
				);
				HEADER_SEARCH_PATHS = "$(inherited)";
				INFOPLIST_FILE = ConsulSwift.xcodeproj/ConsulSwiftTests_Info.plist;
				LD_RUNPATH_SEARCH_PATHS = "$(inherited) @loader_path/../Frameworks @loader_path/Frameworks";
				OTHER_CFLAGS = "$(inherited)";
				OTHER_LDFLAGS = "$(inherited)";
				OTHER_SWIFT_FLAGS = "$(inherited)";
				SWIFT_VERSION = 4.0;
				TARGET_NAME = ConsulSwiftTests;
			};
			name = Debug;
		};
		OBJ_162 /* Release */ = {
			isa = XCBuildConfiguration;
			buildSettings = {
				EMBEDDED_CONTENT_CONTAINS_SWIFT = YES;
				FRAMEWORK_SEARCH_PATHS = (
					"$(inherited)",
					"$(PLATFORM_DIR)/Developer/Library/Frameworks",
				);
				HEADER_SEARCH_PATHS = "$(inherited)";
				INFOPLIST_FILE = ConsulSwift.xcodeproj/ConsulSwiftTests_Info.plist;
				LD_RUNPATH_SEARCH_PATHS = "$(inherited) @loader_path/../Frameworks @loader_path/Frameworks";
				OTHER_CFLAGS = "$(inherited)";
				OTHER_LDFLAGS = "$(inherited)";
				OTHER_SWIFT_FLAGS = "$(inherited)";
				SWIFT_VERSION = 4.0;
				TARGET_NAME = ConsulSwiftTests;
			};
			name = Release;
		};
		OBJ_182 /* Debug */ = {
			isa = XCBuildConfiguration;
			buildSettings = {
				ENABLE_TESTABILITY = YES;
				FRAMEWORK_SEARCH_PATHS = (
					"$(inherited)",
					"$(PLATFORM_DIR)/Developer/Library/Frameworks",
				);
				HEADER_SEARCH_PATHS = "$(inherited)";
				INFOPLIST_FILE = ConsulSwift.xcodeproj/Quack_Info.plist;
				LD_RUNPATH_SEARCH_PATHS = "$(inherited) $(TOOLCHAIN_DIR)/usr/lib/swift/macosx";
				OTHER_CFLAGS = "$(inherited)";
				OTHER_LDFLAGS = "$(inherited)";
				OTHER_SWIFT_FLAGS = "$(inherited)";
				PRODUCT_BUNDLE_IDENTIFIER = Quack;
				PRODUCT_MODULE_NAME = "$(TARGET_NAME:c99extidentifier)";
				PRODUCT_NAME = "$(TARGET_NAME:c99extidentifier)";
				SKIP_INSTALL = YES;
				SWIFT_VERSION = 4.0;
				TARGET_NAME = Quack;
			};
			name = Debug;
		};
		OBJ_183 /* Release */ = {
			isa = XCBuildConfiguration;
			buildSettings = {
				ENABLE_TESTABILITY = YES;
				FRAMEWORK_SEARCH_PATHS = (
					"$(inherited)",
					"$(PLATFORM_DIR)/Developer/Library/Frameworks",
				);
				HEADER_SEARCH_PATHS = "$(inherited)";
				INFOPLIST_FILE = ConsulSwift.xcodeproj/Quack_Info.plist;
				LD_RUNPATH_SEARCH_PATHS = "$(inherited) $(TOOLCHAIN_DIR)/usr/lib/swift/macosx";
				OTHER_CFLAGS = "$(inherited)";
				OTHER_LDFLAGS = "$(inherited)";
				OTHER_SWIFT_FLAGS = "$(inherited)";
				PRODUCT_BUNDLE_IDENTIFIER = Quack;
				PRODUCT_MODULE_NAME = "$(TARGET_NAME:c99extidentifier)";
				PRODUCT_NAME = "$(TARGET_NAME:c99extidentifier)";
				SKIP_INSTALL = YES;
				SWIFT_VERSION = 4.0;
				TARGET_NAME = Quack;
			};
			name = Release;
		};
		OBJ_205 /* Debug */ = {
			isa = XCBuildConfiguration;
			buildSettings = {
				LD = /usr/bin/true;
				OTHER_SWIFT_FLAGS = "-swift-version 4 -I $(TOOLCHAIN_DIR)/usr/lib/swift/pm/4 -target x86_64-apple-macosx10.10 -sdk /Applications/Xcode.app/Contents/Developer/Platforms/MacOSX.platform/Developer/SDKs/MacOSX10.13.sdk";
				SWIFT_VERSION = 4.0;
			};
			name = Debug;
		};
		OBJ_206 /* Release */ = {
			isa = XCBuildConfiguration;
			buildSettings = {
				LD = /usr/bin/true;
				OTHER_SWIFT_FLAGS = "-swift-version 4 -I $(TOOLCHAIN_DIR)/usr/lib/swift/pm/4 -target x86_64-apple-macosx10.10 -sdk /Applications/Xcode.app/Contents/Developer/Platforms/MacOSX.platform/Developer/SDKs/MacOSX10.13.sdk";
				SWIFT_VERSION = 4.0;
			};
			name = Release;
		};
		OBJ_210 /* Debug */ = {
			isa = XCBuildConfiguration;
			buildSettings = {
				ENABLE_TESTABILITY = YES;
				FRAMEWORK_SEARCH_PATHS = (
					"$(inherited)",
					"$(PLATFORM_DIR)/Developer/Library/Frameworks",
				);
				HEADER_SEARCH_PATHS = "$(inherited)";
				INFOPLIST_FILE = ConsulSwift.xcodeproj/Result_Info.plist;
				LD_RUNPATH_SEARCH_PATHS = "$(inherited) $(TOOLCHAIN_DIR)/usr/lib/swift/macosx";
				OTHER_CFLAGS = "$(inherited)";
				OTHER_LDFLAGS = "$(inherited)";
				OTHER_SWIFT_FLAGS = "$(inherited)";
				PRODUCT_BUNDLE_IDENTIFIER = Result;
				PRODUCT_MODULE_NAME = "$(TARGET_NAME:c99extidentifier)";
				PRODUCT_NAME = "$(TARGET_NAME:c99extidentifier)";
				SKIP_INSTALL = YES;
				SWIFT_VERSION = 3.0;
				TARGET_NAME = Result;
			};
			name = Debug;
		};
		OBJ_211 /* Release */ = {
			isa = XCBuildConfiguration;
			buildSettings = {
				ENABLE_TESTABILITY = YES;
				FRAMEWORK_SEARCH_PATHS = (
					"$(inherited)",
					"$(PLATFORM_DIR)/Developer/Library/Frameworks",
				);
				HEADER_SEARCH_PATHS = "$(inherited)";
				INFOPLIST_FILE = ConsulSwift.xcodeproj/Result_Info.plist;
				LD_RUNPATH_SEARCH_PATHS = "$(inherited) $(TOOLCHAIN_DIR)/usr/lib/swift/macosx";
				OTHER_CFLAGS = "$(inherited)";
				OTHER_LDFLAGS = "$(inherited)";
				OTHER_SWIFT_FLAGS = "$(inherited)";
				PRODUCT_BUNDLE_IDENTIFIER = Result;
				PRODUCT_MODULE_NAME = "$(TARGET_NAME:c99extidentifier)";
				PRODUCT_NAME = "$(TARGET_NAME:c99extidentifier)";
				SKIP_INSTALL = YES;
				SWIFT_VERSION = 3.0;
				TARGET_NAME = Result;
			};
			name = Release;
		};
		OBJ_218 /* Debug */ = {
			isa = XCBuildConfiguration;
			buildSettings = {
				LD = /usr/bin/true;
				OTHER_SWIFT_FLAGS = "-swift-version 3 -I $(TOOLCHAIN_DIR)/usr/lib/swift/pm/3 -target x86_64-apple-macosx10.10 -sdk /Applications/Xcode.app/Contents/Developer/Platforms/MacOSX.platform/Developer/SDKs/MacOSX10.13.sdk";
				SWIFT_VERSION = 3.0;
			};
			name = Debug;
		};
		OBJ_219 /* Release */ = {
			isa = XCBuildConfiguration;
			buildSettings = {
				LD = /usr/bin/true;
				OTHER_SWIFT_FLAGS = "-swift-version 3 -I $(TOOLCHAIN_DIR)/usr/lib/swift/pm/3 -target x86_64-apple-macosx10.10 -sdk /Applications/Xcode.app/Contents/Developer/Platforms/MacOSX.platform/Developer/SDKs/MacOSX10.13.sdk";
				SWIFT_VERSION = 3.0;
			};
			name = Release;
		};
		OBJ_223 /* Debug */ = {
			isa = XCBuildConfiguration;
			buildSettings = {
				ENABLE_TESTABILITY = YES;
				FRAMEWORK_SEARCH_PATHS = (
					"$(inherited)",
					"$(PLATFORM_DIR)/Developer/Library/Frameworks",
				);
				HEADER_SEARCH_PATHS = "$(inherited)";
				INFOPLIST_FILE = ConsulSwift.xcodeproj/SwiftyJSON_Info.plist;
				LD_RUNPATH_SEARCH_PATHS = "$(inherited) $(TOOLCHAIN_DIR)/usr/lib/swift/macosx";
				OTHER_CFLAGS = "$(inherited)";
				OTHER_LDFLAGS = "$(inherited)";
				OTHER_SWIFT_FLAGS = "$(inherited)";
				PRODUCT_BUNDLE_IDENTIFIER = SwiftyJSON;
				PRODUCT_MODULE_NAME = "$(TARGET_NAME:c99extidentifier)";
				PRODUCT_NAME = "$(TARGET_NAME:c99extidentifier)";
				SKIP_INSTALL = YES;
				SWIFT_VERSION = 3.0;
				TARGET_NAME = SwiftyJSON;
			};
			name = Debug;
		};
		OBJ_224 /* Release */ = {
			isa = XCBuildConfiguration;
			buildSettings = {
				ENABLE_TESTABILITY = YES;
				FRAMEWORK_SEARCH_PATHS = (
					"$(inherited)",
					"$(PLATFORM_DIR)/Developer/Library/Frameworks",
				);
				HEADER_SEARCH_PATHS = "$(inherited)";
				INFOPLIST_FILE = ConsulSwift.xcodeproj/SwiftyJSON_Info.plist;
				LD_RUNPATH_SEARCH_PATHS = "$(inherited) $(TOOLCHAIN_DIR)/usr/lib/swift/macosx";
				OTHER_CFLAGS = "$(inherited)";
				OTHER_LDFLAGS = "$(inherited)";
				OTHER_SWIFT_FLAGS = "$(inherited)";
				PRODUCT_BUNDLE_IDENTIFIER = SwiftyJSON;
				PRODUCT_MODULE_NAME = "$(TARGET_NAME:c99extidentifier)";
				PRODUCT_NAME = "$(TARGET_NAME:c99extidentifier)";
				SKIP_INSTALL = YES;
				SWIFT_VERSION = 3.0;
				TARGET_NAME = SwiftyJSON;
			};
			name = Release;
		};
		OBJ_231 /* Debug */ = {
			isa = XCBuildConfiguration;
			buildSettings = {
				LD = /usr/bin/true;
				OTHER_SWIFT_FLAGS = "-swift-version 3 -I $(TOOLCHAIN_DIR)/usr/lib/swift/pm/3 -target x86_64-apple-macosx10.10 -sdk /Applications/Xcode.app/Contents/Developer/Platforms/MacOSX.platform/Developer/SDKs/MacOSX10.13.sdk";
				SWIFT_VERSION = 3.0;
			};
			name = Debug;
		};
		OBJ_232 /* Release */ = {
			isa = XCBuildConfiguration;
			buildSettings = {
				LD = /usr/bin/true;
				OTHER_SWIFT_FLAGS = "-swift-version 3 -I $(TOOLCHAIN_DIR)/usr/lib/swift/pm/3 -target x86_64-apple-macosx10.10 -sdk /Applications/Xcode.app/Contents/Developer/Platforms/MacOSX.platform/Developer/SDKs/MacOSX10.13.sdk";
				SWIFT_VERSION = 3.0;
			};
			name = Release;
		};
		OBJ_3 /* Debug */ = {
			isa = XCBuildConfiguration;
			buildSettings = {
				CLANG_ENABLE_OBJC_ARC = YES;
				COMBINE_HIDPI_IMAGES = YES;
				COPY_PHASE_STRIP = NO;
				DEBUG_INFORMATION_FORMAT = dwarf;
				DYLIB_INSTALL_NAME_BASE = "@rpath";
				ENABLE_NS_ASSERTIONS = YES;
				GCC_OPTIMIZATION_LEVEL = 0;
				MACOSX_DEPLOYMENT_TARGET = 10.10;
				ONLY_ACTIVE_ARCH = YES;
				OTHER_SWIFT_FLAGS = "-DXcode";
				PRODUCT_NAME = "$(TARGET_NAME)";
				SDKROOT = macosx;
				SUPPORTED_PLATFORMS = "macosx iphoneos iphonesimulator appletvos appletvsimulator watchos watchsimulator";
				SWIFT_ACTIVE_COMPILATION_CONDITIONS = SWIFT_PACKAGE;
				SWIFT_OPTIMIZATION_LEVEL = "-Onone";
				USE_HEADERMAP = NO;
			};
			name = Debug;
		};
		OBJ_4 /* Release */ = {
			isa = XCBuildConfiguration;
			buildSettings = {
				CLANG_ENABLE_OBJC_ARC = YES;
				COMBINE_HIDPI_IMAGES = YES;
				COPY_PHASE_STRIP = YES;
				DEBUG_INFORMATION_FORMAT = "dwarf-with-dsym";
				DYLIB_INSTALL_NAME_BASE = "@rpath";
				GCC_OPTIMIZATION_LEVEL = s;
				MACOSX_DEPLOYMENT_TARGET = 10.10;
				OTHER_SWIFT_FLAGS = "-DXcode";
				PRODUCT_NAME = "$(TARGET_NAME)";
				SDKROOT = macosx;
				SUPPORTED_PLATFORMS = "macosx iphoneos iphonesimulator appletvos appletvsimulator watchos watchsimulator";
				SWIFT_ACTIVE_COMPILATION_CONDITIONS = SWIFT_PACKAGE;
				SWIFT_OPTIMIZATION_LEVEL = "-Owholemodule";
				USE_HEADERMAP = NO;
			};
			name = Release;
		};
		OBJ_87 /* Debug */ = {
			isa = XCBuildConfiguration;
			buildSettings = {
				ENABLE_TESTABILITY = YES;
				FRAMEWORK_SEARCH_PATHS = (
					"$(inherited)",
					"$(PLATFORM_DIR)/Developer/Library/Frameworks",
				);
				HEADER_SEARCH_PATHS = "$(inherited)";
				INFOPLIST_FILE = ConsulSwift.xcodeproj/Alamofire_Info.plist;
				LD_RUNPATH_SEARCH_PATHS = "$(inherited) $(TOOLCHAIN_DIR)/usr/lib/swift/macosx";
				OTHER_CFLAGS = "$(inherited)";
				OTHER_LDFLAGS = "$(inherited)";
				OTHER_SWIFT_FLAGS = "$(inherited)";
				PRODUCT_BUNDLE_IDENTIFIER = Alamofire;
				PRODUCT_MODULE_NAME = "$(TARGET_NAME:c99extidentifier)";
				PRODUCT_NAME = "$(TARGET_NAME:c99extidentifier)";
				SKIP_INSTALL = YES;
				SWIFT_VERSION = 3.0;
				TARGET_NAME = Alamofire;
			};
			name = Debug;
		};
		OBJ_88 /* Release */ = {
			isa = XCBuildConfiguration;
			buildSettings = {
				ENABLE_TESTABILITY = YES;
				FRAMEWORK_SEARCH_PATHS = (
					"$(inherited)",
					"$(PLATFORM_DIR)/Developer/Library/Frameworks",
				);
				HEADER_SEARCH_PATHS = "$(inherited)";
				INFOPLIST_FILE = ConsulSwift.xcodeproj/Alamofire_Info.plist;
				LD_RUNPATH_SEARCH_PATHS = "$(inherited) $(TOOLCHAIN_DIR)/usr/lib/swift/macosx";
				OTHER_CFLAGS = "$(inherited)";
				OTHER_LDFLAGS = "$(inherited)";
				OTHER_SWIFT_FLAGS = "$(inherited)";
				PRODUCT_BUNDLE_IDENTIFIER = Alamofire;
				PRODUCT_MODULE_NAME = "$(TARGET_NAME:c99extidentifier)";
				PRODUCT_NAME = "$(TARGET_NAME:c99extidentifier)";
				SKIP_INSTALL = YES;
				SWIFT_VERSION = 3.0;
				TARGET_NAME = Alamofire;
			};
			name = Release;
		};
/* End XCBuildConfiguration section */

/* Begin XCConfigurationList section */
		OBJ_109 /* Build configuration list for PBXNativeTarget "AlamofirePackageDescription" */ = {
			isa = XCConfigurationList;
			buildConfigurations = (
				OBJ_110 /* Debug */,
				OBJ_111 /* Release */,
			);
			defaultConfigurationIsVisible = 0;
			defaultConfigurationName = Release;
		};
		OBJ_115 /* Build configuration list for PBXNativeTarget "ConsulSwift" */ = {
			isa = XCConfigurationList;
			buildConfigurations = (
				OBJ_116 /* Debug */,
				OBJ_117 /* Release */,
			);
			defaultConfigurationIsVisible = 0;
			defaultConfigurationName = Release;
		};
		OBJ_149 /* Build configuration list for PBXNativeTarget "ConsulSwiftPackageDescription" */ = {
			isa = XCConfigurationList;
			buildConfigurations = (
				OBJ_150 /* Debug */,
				OBJ_151 /* Release */,
			);
			defaultConfigurationIsVisible = 0;
			defaultConfigurationName = Release;
		};
		OBJ_155 /* Build configuration list for PBXAggregateTarget "ConsulSwiftPackageTests" */ = {
			isa = XCConfigurationList;
			buildConfigurations = (
				OBJ_156 /* Debug */,
				OBJ_157 /* Release */,
			);
			defaultConfigurationIsVisible = 0;
			defaultConfigurationName = Release;
		};
		OBJ_160 /* Build configuration list for PBXNativeTarget "ConsulSwiftTests" */ = {
			isa = XCConfigurationList;
			buildConfigurations = (
				OBJ_161 /* Debug */,
				OBJ_162 /* Release */,
			);
			defaultConfigurationIsVisible = 0;
			defaultConfigurationName = Release;
		};
		OBJ_181 /* Build configuration list for PBXNativeTarget "Quack" */ = {
			isa = XCConfigurationList;
			buildConfigurations = (
				OBJ_182 /* Debug */,
				OBJ_183 /* Release */,
			);
			defaultConfigurationIsVisible = 0;
			defaultConfigurationName = Release;
		};
		OBJ_2 /* Build configuration list for PBXProject "ConsulSwift" */ = {
			isa = XCConfigurationList;
			buildConfigurations = (
				OBJ_3 /* Debug */,
				OBJ_4 /* Release */,
			);
			defaultConfigurationIsVisible = 0;
			defaultConfigurationName = Release;
		};
		OBJ_204 /* Build configuration list for PBXNativeTarget "QuackPackageDescription" */ = {
			isa = XCConfigurationList;
			buildConfigurations = (
				OBJ_205 /* Debug */,
				OBJ_206 /* Release */,
			);
			defaultConfigurationIsVisible = 0;
			defaultConfigurationName = Release;
		};
		OBJ_209 /* Build configuration list for PBXNativeTarget "Result" */ = {
			isa = XCConfigurationList;
			buildConfigurations = (
				OBJ_210 /* Debug */,
				OBJ_211 /* Release */,
			);
			defaultConfigurationIsVisible = 0;
			defaultConfigurationName = Release;
		};
		OBJ_217 /* Build configuration list for PBXNativeTarget "ResultPackageDescription" */ = {
			isa = XCConfigurationList;
			buildConfigurations = (
				OBJ_218 /* Debug */,
				OBJ_219 /* Release */,
			);
			defaultConfigurationIsVisible = 0;
			defaultConfigurationName = Release;
		};
		OBJ_222 /* Build configuration list for PBXNativeTarget "SwiftyJSON" */ = {
			isa = XCConfigurationList;
			buildConfigurations = (
				OBJ_223 /* Debug */,
				OBJ_224 /* Release */,
			);
			defaultConfigurationIsVisible = 0;
			defaultConfigurationName = Release;
		};
		OBJ_230 /* Build configuration list for PBXNativeTarget "SwiftyJSONPackageDescription" */ = {
			isa = XCConfigurationList;
			buildConfigurations = (
				OBJ_231 /* Debug */,
				OBJ_232 /* Release */,
			);
			defaultConfigurationIsVisible = 0;
			defaultConfigurationName = Release;
		};
		OBJ_86 /* Build configuration list for PBXNativeTarget "Alamofire" */ = {
			isa = XCConfigurationList;
			buildConfigurations = (
				OBJ_87 /* Debug */,
				OBJ_88 /* Release */,
			);
			defaultConfigurationIsVisible = 0;
			defaultConfigurationName = Release;
		};
/* End XCConfigurationList section */
	};
	rootObject = OBJ_1 /* Project object */;
}
