// !$*UTF8*$!
{
	archiveVersion = 1;
	classes = {
	};
	objectVersion = 46;
	objects = {

/* Begin PBXBuildFile section */
		590A219D1EF1D791000EECAE /* Consul+AgentChecks.swift in Sources */ = {isa = PBXBuildFile; fileRef = 590A219C1EF1D791000EECAE /* Consul+AgentChecks.swift */; };
		590A219F1EF1D7F3000EECAE /* Consul+AgentServices.swift in Sources */ = {isa = PBXBuildFile; fileRef = 590A219E1EF1D7F3000EECAE /* Consul+AgentServices.swift */; };
		590A21A11EF1D86D000EECAE /* ConsulAgentService.swift in Sources */ = {isa = PBXBuildFile; fileRef = 590A21A01EF1D86D000EECAE /* ConsulAgentService.swift */; };
		59BC3D071EF2B3CA00AE33EF /* Consul+Catalog.swift in Sources */ = {isa = PBXBuildFile; fileRef = 59BC3D061EF2B3CA00AE33EF /* Consul+Catalog.swift */; };
		59BC3D091EF2B41E00AE33EF /* ConsulCatalogDatacenter.swift in Sources */ = {isa = PBXBuildFile; fileRef = 59BC3D081EF2B41E00AE33EF /* ConsulCatalogDatacenter.swift */; };
		59BC3D0B1EF2B4B000AE33EF /* ConsulCatalogTests.swift in Sources */ = {isa = PBXBuildFile; fileRef = 59BC3D0A1EF2B4B000AE33EF /* ConsulCatalogTests.swift */; };
		59BC3D0D1EF2C29F00AE33EF /* ConsulCatalogNode.swift in Sources */ = {isa = PBXBuildFile; fileRef = 59BC3D0C1EF2C29F00AE33EF /* ConsulCatalogNode.swift */; };
		59BC3D0F1EF2CAB500AE33EF /* ConsulCatalogService.swift in Sources */ = {isa = PBXBuildFile; fileRef = 59BC3D0E1EF2CAB500AE33EF /* ConsulCatalogService.swift */; };
		OBJ_102 /* Consul+AgentBase.swift in Sources */ = {isa = PBXBuildFile; fileRef = OBJ_8 /* Consul+AgentBase.swift */; };
		OBJ_103 /* Consul.swift in Sources */ = {isa = PBXBuildFile; fileRef = OBJ_9 /* Consul.swift */; };
		OBJ_104 /* ConsulAgentCheck.swift in Sources */ = {isa = PBXBuildFile; fileRef = OBJ_10 /* ConsulAgentCheck.swift */; };
		OBJ_105 /* ConsulAgentConfiguration.swift in Sources */ = {isa = PBXBuildFile; fileRef = OBJ_11 /* ConsulAgentConfiguration.swift */; };
		OBJ_106 /* ConsulAgentMember.swift in Sources */ = {isa = PBXBuildFile; fileRef = OBJ_12 /* ConsulAgentMember.swift */; };
		OBJ_108 /* Alamofire.framework in Frameworks */ = {isa = PBXBuildFile; fileRef = OBJ_46 /* Alamofire.framework */; };
		OBJ_109 /* SwiftyJSON.framework in Frameworks */ = {isa = PBXBuildFile; fileRef = OBJ_47 /* SwiftyJSON.framework */; };
		OBJ_110 /* Quack.framework in Frameworks */ = {isa = PBXBuildFile; fileRef = OBJ_48 /* Quack.framework */; };
		OBJ_119 /* ConsulAgentTests.swift in Sources */ = {isa = PBXBuildFile; fileRef = OBJ_15 /* ConsulAgentTests.swift */; };
		OBJ_120 /* ConsulSwiftTests.swift in Sources */ = {isa = PBXBuildFile; fileRef = OBJ_16 /* ConsulSwiftTests.swift */; };
		OBJ_122 /* Alamofire.framework in Frameworks */ = {isa = PBXBuildFile; fileRef = OBJ_46 /* Alamofire.framework */; };
		OBJ_123 /* SwiftyJSON.framework in Frameworks */ = {isa = PBXBuildFile; fileRef = OBJ_47 /* SwiftyJSON.framework */; };
		OBJ_124 /* Quack.framework in Frameworks */ = {isa = PBXBuildFile; fileRef = OBJ_48 /* Quack.framework */; };
		OBJ_125 /* ConsulSwift.framework in Frameworks */ = {isa = PBXBuildFile; fileRef = OBJ_49 /* ConsulSwift.framework */; };
		OBJ_56 /* AFError.swift in Sources */ = {isa = PBXBuildFile; fileRef = OBJ_28 /* AFError.swift */; };
		OBJ_57 /* Alamofire.swift in Sources */ = {isa = PBXBuildFile; fileRef = OBJ_29 /* Alamofire.swift */; };
		OBJ_58 /* DispatchQueue+Alamofire.swift in Sources */ = {isa = PBXBuildFile; fileRef = OBJ_30 /* DispatchQueue+Alamofire.swift */; };
		OBJ_59 /* MultipartFormData.swift in Sources */ = {isa = PBXBuildFile; fileRef = OBJ_31 /* MultipartFormData.swift */; };
		OBJ_60 /* NetworkReachabilityManager.swift in Sources */ = {isa = PBXBuildFile; fileRef = OBJ_32 /* NetworkReachabilityManager.swift */; };
		OBJ_61 /* Notifications.swift in Sources */ = {isa = PBXBuildFile; fileRef = OBJ_33 /* Notifications.swift */; };
		OBJ_62 /* ParameterEncoding.swift in Sources */ = {isa = PBXBuildFile; fileRef = OBJ_34 /* ParameterEncoding.swift */; };
		OBJ_63 /* Request.swift in Sources */ = {isa = PBXBuildFile; fileRef = OBJ_35 /* Request.swift */; };
		OBJ_64 /* Response.swift in Sources */ = {isa = PBXBuildFile; fileRef = OBJ_36 /* Response.swift */; };
		OBJ_65 /* ResponseSerialization.swift in Sources */ = {isa = PBXBuildFile; fileRef = OBJ_37 /* ResponseSerialization.swift */; };
		OBJ_66 /* Result.swift in Sources */ = {isa = PBXBuildFile; fileRef = OBJ_38 /* Result.swift */; };
		OBJ_67 /* ServerTrustPolicy.swift in Sources */ = {isa = PBXBuildFile; fileRef = OBJ_39 /* ServerTrustPolicy.swift */; };
		OBJ_68 /* SessionDelegate.swift in Sources */ = {isa = PBXBuildFile; fileRef = OBJ_40 /* SessionDelegate.swift */; };
		OBJ_69 /* SessionManager.swift in Sources */ = {isa = PBXBuildFile; fileRef = OBJ_41 /* SessionManager.swift */; };
		OBJ_70 /* TaskDelegate.swift in Sources */ = {isa = PBXBuildFile; fileRef = OBJ_42 /* TaskDelegate.swift */; };
		OBJ_71 /* Timeline.swift in Sources */ = {isa = PBXBuildFile; fileRef = OBJ_43 /* Timeline.swift */; };
		OBJ_72 /* Validation.swift in Sources */ = {isa = PBXBuildFile; fileRef = OBJ_44 /* Validation.swift */; };
		OBJ_79 /* LclJSONSerialization.swift in Sources */ = {isa = PBXBuildFile; fileRef = OBJ_25 /* LclJSONSerialization.swift */; };
		OBJ_80 /* SwiftyJSON.swift in Sources */ = {isa = PBXBuildFile; fileRef = OBJ_26 /* SwiftyJSON.swift */; };
		OBJ_87 /* Alamofire+Synchronous.swift in Sources */ = {isa = PBXBuildFile; fileRef = OBJ_19 /* Alamofire+Synchronous.swift */; };
		OBJ_88 /* Quack.swift in Sources */ = {isa = PBXBuildFile; fileRef = OBJ_20 /* Quack.swift */; };
		OBJ_89 /* QuackClient.swift in Sources */ = {isa = PBXBuildFile; fileRef = OBJ_21 /* QuackClient.swift */; };
		OBJ_90 /* QuackCustomParser.swift in Sources */ = {isa = PBXBuildFile; fileRef = OBJ_22 /* QuackCustomParser.swift */; };
		OBJ_91 /* QuackModel.swift in Sources */ = {isa = PBXBuildFile; fileRef = OBJ_23 /* QuackModel.swift */; };
		OBJ_93 /* Alamofire.framework in Frameworks */ = {isa = PBXBuildFile; fileRef = OBJ_46 /* Alamofire.framework */; };
		OBJ_94 /* SwiftyJSON.framework in Frameworks */ = {isa = PBXBuildFile; fileRef = OBJ_47 /* SwiftyJSON.framework */; };
/* End PBXBuildFile section */

/* Begin PBXContainerItemProxy section */
		5950616F1ED861540082D646 /* PBXContainerItemProxy */ = {
			isa = PBXContainerItemProxy;
			containerPortal = OBJ_1 /* Project object */;
			proxyType = 1;
			remoteGlobalIDString = OBJ_51;
			remoteInfo = Alamofire;
		};
		595061701ED861540082D646 /* PBXContainerItemProxy */ = {
			isa = PBXContainerItemProxy;
			containerPortal = OBJ_1 /* Project object */;
			proxyType = 1;
			remoteGlobalIDString = OBJ_74;
			remoteInfo = SwiftyJSON;
		};
		595061711ED861540082D646 /* PBXContainerItemProxy */ = {
			isa = PBXContainerItemProxy;
			containerPortal = OBJ_1 /* Project object */;
			proxyType = 1;
			remoteGlobalIDString = OBJ_51;
			remoteInfo = Alamofire;
		};
		595061721ED861540082D646 /* PBXContainerItemProxy */ = {
			isa = PBXContainerItemProxy;
			containerPortal = OBJ_1 /* Project object */;
			proxyType = 1;
			remoteGlobalIDString = OBJ_74;
			remoteInfo = SwiftyJSON;
		};
		595061731ED861540082D646 /* PBXContainerItemProxy */ = {
			isa = PBXContainerItemProxy;
			containerPortal = OBJ_1 /* Project object */;
			proxyType = 1;
			remoteGlobalIDString = OBJ_82;
			remoteInfo = Quack;
		};
		595061741ED861540082D646 /* PBXContainerItemProxy */ = {
			isa = PBXContainerItemProxy;
			containerPortal = OBJ_1 /* Project object */;
			proxyType = 1;
			remoteGlobalIDString = OBJ_51;
			remoteInfo = Alamofire;
		};
		595061751ED861540082D646 /* PBXContainerItemProxy */ = {
			isa = PBXContainerItemProxy;
			containerPortal = OBJ_1 /* Project object */;
			proxyType = 1;
			remoteGlobalIDString = OBJ_74;
			remoteInfo = SwiftyJSON;
		};
		595061761ED861540082D646 /* PBXContainerItemProxy */ = {
			isa = PBXContainerItemProxy;
			containerPortal = OBJ_1 /* Project object */;
			proxyType = 1;
			remoteGlobalIDString = OBJ_82;
			remoteInfo = Quack;
		};
		595061771ED861540082D646 /* PBXContainerItemProxy */ = {
			isa = PBXContainerItemProxy;
			containerPortal = OBJ_1 /* Project object */;
			proxyType = 1;
			remoteGlobalIDString = OBJ_97;
			remoteInfo = ConsulSwift;
		};
/* End PBXContainerItemProxy section */

/* Begin PBXFileReference section */
		590A219C1EF1D791000EECAE /* Consul+AgentChecks.swift */ = {isa = PBXFileReference; lastKnownFileType = sourcecode.swift; path = "Consul+AgentChecks.swift"; sourceTree = "<group>"; };
		590A219E1EF1D7F3000EECAE /* Consul+AgentServices.swift */ = {isa = PBXFileReference; lastKnownFileType = sourcecode.swift; path = "Consul+AgentServices.swift"; sourceTree = "<group>"; };
		590A21A01EF1D86D000EECAE /* ConsulAgentService.swift */ = {isa = PBXFileReference; lastKnownFileType = sourcecode.swift; path = ConsulAgentService.swift; sourceTree = "<group>"; };
		599693FF1EEB4524008B6FCB /* README.md */ = {isa = PBXFileReference; lastKnownFileType = net.daringfireball.markdown; path = README.md; sourceTree = "<group>"; };
		59BC3D061EF2B3CA00AE33EF /* Consul+Catalog.swift */ = {isa = PBXFileReference; fileEncoding = 4; lastKnownFileType = sourcecode.swift; path = "Consul+Catalog.swift"; sourceTree = "<group>"; };
		59BC3D081EF2B41E00AE33EF /* ConsulCatalogDatacenter.swift */ = {isa = PBXFileReference; fileEncoding = 4; lastKnownFileType = sourcecode.swift; path = ConsulCatalogDatacenter.swift; sourceTree = "<group>"; };
		59BC3D0A1EF2B4B000AE33EF /* ConsulCatalogTests.swift */ = {isa = PBXFileReference; fileEncoding = 4; lastKnownFileType = sourcecode.swift; path = ConsulCatalogTests.swift; sourceTree = "<group>"; };
		59BC3D0C1EF2C29F00AE33EF /* ConsulCatalogNode.swift */ = {isa = PBXFileReference; fileEncoding = 4; lastKnownFileType = sourcecode.swift; path = ConsulCatalogNode.swift; sourceTree = "<group>"; };
		59BC3D0E1EF2CAB500AE33EF /* ConsulCatalogService.swift */ = {isa = PBXFileReference; fileEncoding = 4; lastKnownFileType = sourcecode.swift; path = ConsulCatalogService.swift; sourceTree = "<group>"; };
		OBJ_10 /* ConsulAgentCheck.swift */ = {isa = PBXFileReference; lastKnownFileType = sourcecode.swift; path = ConsulAgentCheck.swift; sourceTree = "<group>"; };
		OBJ_11 /* ConsulAgentConfiguration.swift */ = {isa = PBXFileReference; lastKnownFileType = sourcecode.swift; path = ConsulAgentConfiguration.swift; sourceTree = "<group>"; };
		OBJ_12 /* ConsulAgentMember.swift */ = {isa = PBXFileReference; lastKnownFileType = sourcecode.swift; path = ConsulAgentMember.swift; sourceTree = "<group>"; };
		OBJ_15 /* ConsulAgentTests.swift */ = {isa = PBXFileReference; lastKnownFileType = sourcecode.swift; path = ConsulAgentTests.swift; sourceTree = "<group>"; };
		OBJ_16 /* ConsulSwiftTests.swift */ = {isa = PBXFileReference; lastKnownFileType = sourcecode.swift; path = ConsulSwiftTests.swift; sourceTree = "<group>"; };
		OBJ_19 /* Alamofire+Synchronous.swift */ = {isa = PBXFileReference; lastKnownFileType = sourcecode.swift; path = "Alamofire+Synchronous.swift"; sourceTree = "<group>"; };
		OBJ_20 /* Quack.swift */ = {isa = PBXFileReference; lastKnownFileType = sourcecode.swift; path = Quack.swift; sourceTree = "<group>"; };
		OBJ_21 /* QuackClient.swift */ = {isa = PBXFileReference; lastKnownFileType = sourcecode.swift; path = QuackClient.swift; sourceTree = "<group>"; };
		OBJ_22 /* QuackCustomParser.swift */ = {isa = PBXFileReference; lastKnownFileType = sourcecode.swift; path = QuackCustomParser.swift; sourceTree = "<group>"; };
		OBJ_23 /* QuackModel.swift */ = {isa = PBXFileReference; lastKnownFileType = sourcecode.swift; path = QuackModel.swift; sourceTree = "<group>"; };
		OBJ_25 /* LclJSONSerialization.swift */ = {isa = PBXFileReference; lastKnownFileType = sourcecode.swift; path = LclJSONSerialization.swift; sourceTree = "<group>"; };
		OBJ_26 /* SwiftyJSON.swift */ = {isa = PBXFileReference; lastKnownFileType = sourcecode.swift; path = SwiftyJSON.swift; sourceTree = "<group>"; };
		OBJ_28 /* AFError.swift */ = {isa = PBXFileReference; lastKnownFileType = sourcecode.swift; path = AFError.swift; sourceTree = "<group>"; };
		OBJ_29 /* Alamofire.swift */ = {isa = PBXFileReference; lastKnownFileType = sourcecode.swift; path = Alamofire.swift; sourceTree = "<group>"; };
		OBJ_30 /* DispatchQueue+Alamofire.swift */ = {isa = PBXFileReference; lastKnownFileType = sourcecode.swift; path = "DispatchQueue+Alamofire.swift"; sourceTree = "<group>"; };
		OBJ_31 /* MultipartFormData.swift */ = {isa = PBXFileReference; lastKnownFileType = sourcecode.swift; path = MultipartFormData.swift; sourceTree = "<group>"; };
		OBJ_32 /* NetworkReachabilityManager.swift */ = {isa = PBXFileReference; lastKnownFileType = sourcecode.swift; path = NetworkReachabilityManager.swift; sourceTree = "<group>"; };
		OBJ_33 /* Notifications.swift */ = {isa = PBXFileReference; lastKnownFileType = sourcecode.swift; path = Notifications.swift; sourceTree = "<group>"; };
		OBJ_34 /* ParameterEncoding.swift */ = {isa = PBXFileReference; lastKnownFileType = sourcecode.swift; path = ParameterEncoding.swift; sourceTree = "<group>"; };
		OBJ_35 /* Request.swift */ = {isa = PBXFileReference; lastKnownFileType = sourcecode.swift; path = Request.swift; sourceTree = "<group>"; };
		OBJ_36 /* Response.swift */ = {isa = PBXFileReference; lastKnownFileType = sourcecode.swift; path = Response.swift; sourceTree = "<group>"; };
		OBJ_37 /* ResponseSerialization.swift */ = {isa = PBXFileReference; lastKnownFileType = sourcecode.swift; path = ResponseSerialization.swift; sourceTree = "<group>"; };
		OBJ_38 /* Result.swift */ = {isa = PBXFileReference; lastKnownFileType = sourcecode.swift; path = Result.swift; sourceTree = "<group>"; };
		OBJ_39 /* ServerTrustPolicy.swift */ = {isa = PBXFileReference; lastKnownFileType = sourcecode.swift; path = ServerTrustPolicy.swift; sourceTree = "<group>"; };
		OBJ_40 /* SessionDelegate.swift */ = {isa = PBXFileReference; lastKnownFileType = sourcecode.swift; path = SessionDelegate.swift; sourceTree = "<group>"; };
		OBJ_41 /* SessionManager.swift */ = {isa = PBXFileReference; lastKnownFileType = sourcecode.swift; path = SessionManager.swift; sourceTree = "<group>"; };
		OBJ_42 /* TaskDelegate.swift */ = {isa = PBXFileReference; lastKnownFileType = sourcecode.swift; path = TaskDelegate.swift; sourceTree = "<group>"; };
		OBJ_43 /* Timeline.swift */ = {isa = PBXFileReference; lastKnownFileType = sourcecode.swift; path = Timeline.swift; sourceTree = "<group>"; };
		OBJ_44 /* Validation.swift */ = {isa = PBXFileReference; lastKnownFileType = sourcecode.swift; path = Validation.swift; sourceTree = "<group>"; };
		OBJ_46 /* Alamofire.framework */ = {isa = PBXFileReference; explicitFileType = wrapper.framework; path = Alamofire.framework; sourceTree = BUILT_PRODUCTS_DIR; };
		OBJ_47 /* SwiftyJSON.framework */ = {isa = PBXFileReference; explicitFileType = wrapper.framework; path = SwiftyJSON.framework; sourceTree = BUILT_PRODUCTS_DIR; };
		OBJ_48 /* Quack.framework */ = {isa = PBXFileReference; explicitFileType = wrapper.framework; path = Quack.framework; sourceTree = BUILT_PRODUCTS_DIR; };
		OBJ_49 /* ConsulSwift.framework */ = {isa = PBXFileReference; explicitFileType = wrapper.framework; path = ConsulSwift.framework; sourceTree = BUILT_PRODUCTS_DIR; };
		OBJ_50 /* ConsulSwiftTests.xctest */ = {isa = PBXFileReference; lastKnownFileType = file; path = ConsulSwiftTests.xctest; sourceTree = BUILT_PRODUCTS_DIR; };
		OBJ_6 /* Package.swift */ = {isa = PBXFileReference; explicitFileType = sourcecode.swift; path = Package.swift; sourceTree = "<group>"; };
		OBJ_8 /* Consul+AgentBase.swift */ = {isa = PBXFileReference; lastKnownFileType = sourcecode.swift; path = "Consul+AgentBase.swift"; sourceTree = "<group>"; };
		OBJ_9 /* Consul.swift */ = {isa = PBXFileReference; lastKnownFileType = sourcecode.swift; path = Consul.swift; sourceTree = "<group>"; };
/* End PBXFileReference section */

/* Begin PBXFrameworksBuildPhase section */
		OBJ_107 /* Frameworks */ = {
			isa = PBXFrameworksBuildPhase;
			buildActionMask = 0;
			files = (
				OBJ_108 /* Alamofire.framework in Frameworks */,
				OBJ_109 /* SwiftyJSON.framework in Frameworks */,
				OBJ_110 /* Quack.framework in Frameworks */,
			);
			runOnlyForDeploymentPostprocessing = 0;
		};
		OBJ_121 /* Frameworks */ = {
			isa = PBXFrameworksBuildPhase;
			buildActionMask = 0;
			files = (
				OBJ_122 /* Alamofire.framework in Frameworks */,
				OBJ_123 /* SwiftyJSON.framework in Frameworks */,
				OBJ_124 /* Quack.framework in Frameworks */,
				OBJ_125 /* ConsulSwift.framework in Frameworks */,
			);
			runOnlyForDeploymentPostprocessing = 0;
		};
		OBJ_73 /* Frameworks */ = {
			isa = PBXFrameworksBuildPhase;
			buildActionMask = 0;
			files = (
			);
			runOnlyForDeploymentPostprocessing = 0;
		};
		OBJ_81 /* Frameworks */ = {
			isa = PBXFrameworksBuildPhase;
			buildActionMask = 0;
			files = (
			);
			runOnlyForDeploymentPostprocessing = 0;
		};
		OBJ_92 /* Frameworks */ = {
			isa = PBXFrameworksBuildPhase;
			buildActionMask = 0;
			files = (
				OBJ_93 /* Alamofire.framework in Frameworks */,
				OBJ_94 /* SwiftyJSON.framework in Frameworks */,
			);
			runOnlyForDeploymentPostprocessing = 0;
		};
/* End PBXFrameworksBuildPhase section */

/* Begin PBXGroup section */
		OBJ_13 /* Tests */ = {
			isa = PBXGroup;
			children = (
				OBJ_14 /* ConsulSwiftTests */,
			);
			name = Tests;
			sourceTree = SOURCE_ROOT;
		};
		OBJ_14 /* ConsulSwiftTests */ = {
			isa = PBXGroup;
			children = (
				OBJ_15 /* ConsulAgentTests.swift */,
				59BC3D0A1EF2B4B000AE33EF /* ConsulCatalogTests.swift */,
				OBJ_16 /* ConsulSwiftTests.swift */,
			);
			name = ConsulSwiftTests;
			path = Tests/ConsulSwiftTests;
			sourceTree = SOURCE_ROOT;
		};
		OBJ_17 /* Dependencies */ = {
			isa = PBXGroup;
			children = (
				OBJ_18 /* Quack 0.4.0 */,
				OBJ_24 /* SwiftyJSON 16.0.0 */,
				OBJ_27 /* Alamofire 4.4.0 */,
			);
			name = Dependencies;
			sourceTree = "<group>";
		};
		OBJ_18 /* Quack 0.4.0 */ = {
			isa = PBXGroup;
			children = (
				OBJ_19 /* Alamofire+Synchronous.swift */,
				OBJ_20 /* Quack.swift */,
				OBJ_21 /* QuackClient.swift */,
				OBJ_22 /* QuackCustomParser.swift */,
				OBJ_23 /* QuackModel.swift */,
			);
			name = "Quack 0.4.0";
			path = ".build/checkouts/Quack.git--5271367057703676553/Sources";
			sourceTree = SOURCE_ROOT;
		};
		OBJ_24 /* SwiftyJSON 16.0.0 */ = {
			isa = PBXGroup;
			children = (
				OBJ_25 /* LclJSONSerialization.swift */,
				OBJ_26 /* SwiftyJSON.swift */,
			);
			name = "SwiftyJSON 16.0.0";
			path = ".build/checkouts/SwiftyJSON.git--6955445084174387031/Source";
			sourceTree = SOURCE_ROOT;
		};
		OBJ_27 /* Alamofire 4.4.0 */ = {
			isa = PBXGroup;
			children = (
				OBJ_28 /* AFError.swift */,
				OBJ_29 /* Alamofire.swift */,
				OBJ_30 /* DispatchQueue+Alamofire.swift */,
				OBJ_31 /* MultipartFormData.swift */,
				OBJ_32 /* NetworkReachabilityManager.swift */,
				OBJ_33 /* Notifications.swift */,
				OBJ_34 /* ParameterEncoding.swift */,
				OBJ_35 /* Request.swift */,
				OBJ_36 /* Response.swift */,
				OBJ_37 /* ResponseSerialization.swift */,
				OBJ_38 /* Result.swift */,
				OBJ_39 /* ServerTrustPolicy.swift */,
				OBJ_40 /* SessionDelegate.swift */,
				OBJ_41 /* SessionManager.swift */,
				OBJ_42 /* TaskDelegate.swift */,
				OBJ_43 /* Timeline.swift */,
				OBJ_44 /* Validation.swift */,
			);
			name = "Alamofire 4.4.0";
			path = ".build/checkouts/Alamofire.git-6801331143877184500/Source";
			sourceTree = SOURCE_ROOT;
		};
		OBJ_45 /* Products */ = {
			isa = PBXGroup;
			children = (
				OBJ_46 /* Alamofire.framework */,
				OBJ_47 /* SwiftyJSON.framework */,
				OBJ_48 /* Quack.framework */,
				OBJ_49 /* ConsulSwift.framework */,
				OBJ_50 /* ConsulSwiftTests.xctest */,
			);
			name = Products;
			sourceTree = BUILT_PRODUCTS_DIR;
		};
		OBJ_5 = {
			isa = PBXGroup;
			children = (
				599693FF1EEB4524008B6FCB /* README.md */,
				OBJ_6 /* Package.swift */,
				OBJ_7 /* Sources */,
				OBJ_13 /* Tests */,
				OBJ_17 /* Dependencies */,
				OBJ_45 /* Products */,
			);
			sourceTree = "<group>";
		};
		OBJ_7 /* Sources */ = {
			isa = PBXGroup;
			children = (
				OBJ_8 /* Consul+AgentBase.swift */,
				590A219C1EF1D791000EECAE /* Consul+AgentChecks.swift */,
				590A219E1EF1D7F3000EECAE /* Consul+AgentServices.swift */,
				59BC3D061EF2B3CA00AE33EF /* Consul+Catalog.swift */,
				OBJ_9 /* Consul.swift */,
				OBJ_10 /* ConsulAgentCheck.swift */,
				OBJ_11 /* ConsulAgentConfiguration.swift */,
				OBJ_12 /* ConsulAgentMember.swift */,
				590A21A01EF1D86D000EECAE /* ConsulAgentService.swift */,
				59BC3D081EF2B41E00AE33EF /* ConsulCatalogDatacenter.swift */,
				59BC3D0C1EF2C29F00AE33EF /* ConsulCatalogNode.swift */,
				59BC3D0E1EF2CAB500AE33EF /* ConsulCatalogService.swift */,
			);
			path = Sources;
			sourceTree = SOURCE_ROOT;
		};
/* End PBXGroup section */

/* Begin PBXNativeTarget section */
		OBJ_114 /* ConsulSwiftTests */ = {
			isa = PBXNativeTarget;
			buildConfigurationList = OBJ_115 /* Build configuration list for PBXNativeTarget "ConsulSwiftTests" */;
			buildPhases = (
				OBJ_118 /* Sources */,
				OBJ_121 /* Frameworks */,
			);
			buildRules = (
			);
			dependencies = (
				OBJ_126 /* PBXTargetDependency */,
				OBJ_127 /* PBXTargetDependency */,
				OBJ_128 /* PBXTargetDependency */,
				OBJ_129 /* PBXTargetDependency */,
			);
			name = ConsulSwiftTests;
			productName = ConsulSwiftTests;
			productReference = OBJ_50 /* ConsulSwiftTests.xctest */;
			productType = "com.apple.product-type.bundle.unit-test";
		};
		OBJ_51 /* Alamofire */ = {
			isa = PBXNativeTarget;
			buildConfigurationList = OBJ_52 /* Build configuration list for PBXNativeTarget "Alamofire" */;
			buildPhases = (
				OBJ_55 /* Sources */,
				OBJ_73 /* Frameworks */,
			);
			buildRules = (
			);
			dependencies = (
			);
			name = Alamofire;
			productName = Alamofire;
			productReference = OBJ_46 /* Alamofire.framework */;
			productType = "com.apple.product-type.framework";
		};
		OBJ_74 /* SwiftyJSON */ = {
			isa = PBXNativeTarget;
			buildConfigurationList = OBJ_75 /* Build configuration list for PBXNativeTarget "SwiftyJSON" */;
			buildPhases = (
				OBJ_78 /* Sources */,
				OBJ_81 /* Frameworks */,
			);
			buildRules = (
			);
			dependencies = (
			);
			name = SwiftyJSON;
			productName = SwiftyJSON;
			productReference = OBJ_47 /* SwiftyJSON.framework */;
			productType = "com.apple.product-type.framework";
		};
		OBJ_82 /* Quack */ = {
			isa = PBXNativeTarget;
			buildConfigurationList = OBJ_83 /* Build configuration list for PBXNativeTarget "Quack" */;
			buildPhases = (
				OBJ_86 /* Sources */,
				OBJ_92 /* Frameworks */,
			);
			buildRules = (
			);
			dependencies = (
				OBJ_95 /* PBXTargetDependency */,
				OBJ_96 /* PBXTargetDependency */,
			);
			name = Quack;
			productName = Quack;
			productReference = OBJ_48 /* Quack.framework */;
			productType = "com.apple.product-type.framework";
		};
		OBJ_97 /* ConsulSwift */ = {
			isa = PBXNativeTarget;
			buildConfigurationList = OBJ_98 /* Build configuration list for PBXNativeTarget "ConsulSwift" */;
			buildPhases = (
				OBJ_101 /* Sources */,
				OBJ_107 /* Frameworks */,
			);
			buildRules = (
			);
			dependencies = (
				OBJ_111 /* PBXTargetDependency */,
				OBJ_112 /* PBXTargetDependency */,
				OBJ_113 /* PBXTargetDependency */,
			);
			name = ConsulSwift;
			productName = ConsulSwift;
			productReference = OBJ_49 /* ConsulSwift.framework */;
			productType = "com.apple.product-type.framework";
		};
/* End PBXNativeTarget section */

/* Begin PBXProject section */
		OBJ_1 /* Project object */ = {
			isa = PBXProject;
			attributes = {
				LastUpgradeCheck = 9999;
			};
			buildConfigurationList = OBJ_2 /* Build configuration list for PBXProject "ConsulSwift" */;
			compatibilityVersion = "Xcode 3.2";
			developmentRegion = English;
			hasScannedForEncodings = 0;
			knownRegions = (
				en,
			);
			mainGroup = OBJ_5;
			productRefGroup = OBJ_45 /* Products */;
			projectDirPath = "";
			projectRoot = "";
			targets = (
				OBJ_51 /* Alamofire */,
				OBJ_74 /* SwiftyJSON */,
				OBJ_82 /* Quack */,
				OBJ_97 /* ConsulSwift */,
				OBJ_114 /* ConsulSwiftTests */,
			);
		};
/* End PBXProject section */

/* Begin PBXSourcesBuildPhase section */
		OBJ_101 /* Sources */ = {
			isa = PBXSourcesBuildPhase;
			buildActionMask = 0;
			files = (
				59BC3D071EF2B3CA00AE33EF /* Consul+Catalog.swift in Sources */,
				OBJ_102 /* Consul+AgentBase.swift in Sources */,
				590A219F1EF1D7F3000EECAE /* Consul+AgentServices.swift in Sources */,
				OBJ_103 /* Consul.swift in Sources */,
				59BC3D0D1EF2C29F00AE33EF /* ConsulCatalogNode.swift in Sources */,
				59BC3D0F1EF2CAB500AE33EF /* ConsulCatalogService.swift in Sources */,
				OBJ_104 /* ConsulAgentCheck.swift in Sources */,
				OBJ_105 /* ConsulAgentConfiguration.swift in Sources */,
				590A219D1EF1D791000EECAE /* Consul+AgentChecks.swift in Sources */,
				OBJ_106 /* ConsulAgentMember.swift in Sources */,
				59BC3D091EF2B41E00AE33EF /* ConsulCatalogDatacenter.swift in Sources */,
				590A21A11EF1D86D000EECAE /* ConsulAgentService.swift in Sources */,
			);
			runOnlyForDeploymentPostprocessing = 0;
		};
		OBJ_118 /* Sources */ = {
			isa = PBXSourcesBuildPhase;
			buildActionMask = 0;
			files = (
				OBJ_119 /* ConsulAgentTests.swift in Sources */,
				59BC3D0B1EF2B4B000AE33EF /* ConsulCatalogTests.swift in Sources */,
				OBJ_120 /* ConsulSwiftTests.swift in Sources */,
			);
			runOnlyForDeploymentPostprocessing = 0;
		};
		OBJ_55 /* Sources */ = {
			isa = PBXSourcesBuildPhase;
			buildActionMask = 0;
			files = (
				OBJ_56 /* AFError.swift in Sources */,
				OBJ_57 /* Alamofire.swift in Sources */,
				OBJ_58 /* DispatchQueue+Alamofire.swift in Sources */,
				OBJ_59 /* MultipartFormData.swift in Sources */,
				OBJ_60 /* NetworkReachabilityManager.swift in Sources */,
				OBJ_61 /* Notifications.swift in Sources */,
				OBJ_62 /* ParameterEncoding.swift in Sources */,
				OBJ_63 /* Request.swift in Sources */,
				OBJ_64 /* Response.swift in Sources */,
				OBJ_65 /* ResponseSerialization.swift in Sources */,
				OBJ_66 /* Result.swift in Sources */,
				OBJ_67 /* ServerTrustPolicy.swift in Sources */,
				OBJ_68 /* SessionDelegate.swift in Sources */,
				OBJ_69 /* SessionManager.swift in Sources */,
				OBJ_70 /* TaskDelegate.swift in Sources */,
				OBJ_71 /* Timeline.swift in Sources */,
				OBJ_72 /* Validation.swift in Sources */,
			);
			runOnlyForDeploymentPostprocessing = 0;
		};
		OBJ_78 /* Sources */ = {
			isa = PBXSourcesBuildPhase;
			buildActionMask = 0;
			files = (
				OBJ_79 /* LclJSONSerialization.swift in Sources */,
				OBJ_80 /* SwiftyJSON.swift in Sources */,
			);
			runOnlyForDeploymentPostprocessing = 0;
		};
		OBJ_86 /* Sources */ = {
			isa = PBXSourcesBuildPhase;
			buildActionMask = 0;
			files = (
				OBJ_87 /* Alamofire+Synchronous.swift in Sources */,
				OBJ_88 /* Quack.swift in Sources */,
				OBJ_89 /* QuackClient.swift in Sources */,
				OBJ_90 /* QuackCustomParser.swift in Sources */,
				OBJ_91 /* QuackModel.swift in Sources */,
			);
			runOnlyForDeploymentPostprocessing = 0;
		};
/* End PBXSourcesBuildPhase section */

/* Begin PBXTargetDependency section */
		OBJ_111 /* PBXTargetDependency */ = {
			isa = PBXTargetDependency;
			target = OBJ_51 /* Alamofire */;
			targetProxy = 595061711ED861540082D646 /* PBXContainerItemProxy */;
		};
		OBJ_112 /* PBXTargetDependency */ = {
			isa = PBXTargetDependency;
			target = OBJ_74 /* SwiftyJSON */;
			targetProxy = 595061721ED861540082D646 /* PBXContainerItemProxy */;
		};
		OBJ_113 /* PBXTargetDependency */ = {
			isa = PBXTargetDependency;
			target = OBJ_82 /* Quack */;
			targetProxy = 595061731ED861540082D646 /* PBXContainerItemProxy */;
		};
		OBJ_126 /* PBXTargetDependency */ = {
			isa = PBXTargetDependency;
			target = OBJ_51 /* Alamofire */;
			targetProxy = 595061741ED861540082D646 /* PBXContainerItemProxy */;
		};
		OBJ_127 /* PBXTargetDependency */ = {
			isa = PBXTargetDependency;
			target = OBJ_74 /* SwiftyJSON */;
			targetProxy = 595061751ED861540082D646 /* PBXContainerItemProxy */;
		};
		OBJ_128 /* PBXTargetDependency */ = {
			isa = PBXTargetDependency;
			target = OBJ_82 /* Quack */;
			targetProxy = 595061761ED861540082D646 /* PBXContainerItemProxy */;
		};
		OBJ_129 /* PBXTargetDependency */ = {
			isa = PBXTargetDependency;
			target = OBJ_97 /* ConsulSwift */;
			targetProxy = 595061771ED861540082D646 /* PBXContainerItemProxy */;
		};
		OBJ_95 /* PBXTargetDependency */ = {
			isa = PBXTargetDependency;
			target = OBJ_51 /* Alamofire */;
			targetProxy = 5950616F1ED861540082D646 /* PBXContainerItemProxy */;
		};
		OBJ_96 /* PBXTargetDependency */ = {
			isa = PBXTargetDependency;
			target = OBJ_74 /* SwiftyJSON */;
			targetProxy = 595061701ED861540082D646 /* PBXContainerItemProxy */;
		};
/* End PBXTargetDependency section */

/* Begin XCBuildConfiguration section */
		OBJ_100 /* Release */ = {
			isa = XCBuildConfiguration;
			buildSettings = {
				ENABLE_TESTABILITY = YES;
				FRAMEWORK_SEARCH_PATHS = (
					"$(inherited)",
					"$(PLATFORM_DIR)/Developer/Library/Frameworks",
				);
				HEADER_SEARCH_PATHS = "$(inherited)";
				INFOPLIST_FILE = ConsulSwift.xcodeproj/ConsulSwift_Info.plist;
				LD_RUNPATH_SEARCH_PATHS = "$(TOOLCHAIN_DIR)/usr/lib/swift/macosx";
				OTHER_LDFLAGS = "$(inherited)";
				OTHER_SWIFT_FLAGS = "$(inherited)";
				PRODUCT_BUNDLE_IDENTIFIER = ConsulSwift;
				PRODUCT_MODULE_NAME = "$(TARGET_NAME:c99extidentifier)";
				PRODUCT_NAME = "$(TARGET_NAME:c99extidentifier)";
				SKIP_INSTALL = YES;
				TARGET_NAME = ConsulSwift;
			};
			name = Release;
		};
		OBJ_116 /* Debug */ = {
			isa = XCBuildConfiguration;
			buildSettings = {
				EMBEDDED_CONTENT_CONTAINS_SWIFT = YES;
				FRAMEWORK_SEARCH_PATHS = (
					"$(inherited)",
					"$(PLATFORM_DIR)/Developer/Library/Frameworks",
				);
				HEADER_SEARCH_PATHS = "$(inherited)";
				INFOPLIST_FILE = ConsulSwift.xcodeproj/ConsulSwiftTests_Info.plist;
				LD_RUNPATH_SEARCH_PATHS = "@loader_path/../Frameworks @loader_path/Frameworks";
				OTHER_LDFLAGS = "$(inherited)";
				OTHER_SWIFT_FLAGS = "$(inherited)";
				TARGET_NAME = ConsulSwiftTests;
			};
			name = Debug;
		};
		OBJ_117 /* Release */ = {
			isa = XCBuildConfiguration;
			buildSettings = {
				EMBEDDED_CONTENT_CONTAINS_SWIFT = YES;
				FRAMEWORK_SEARCH_PATHS = (
					"$(inherited)",
					"$(PLATFORM_DIR)/Developer/Library/Frameworks",
				);
				HEADER_SEARCH_PATHS = "$(inherited)";
				INFOPLIST_FILE = ConsulSwift.xcodeproj/ConsulSwiftTests_Info.plist;
				LD_RUNPATH_SEARCH_PATHS = "@loader_path/../Frameworks @loader_path/Frameworks";
				OTHER_LDFLAGS = "$(inherited)";
				OTHER_SWIFT_FLAGS = "$(inherited)";
				TARGET_NAME = ConsulSwiftTests;
			};
			name = Release;
		};
		OBJ_3 /* Debug */ = {
			isa = XCBuildConfiguration;
			buildSettings = {
				CLANG_ENABLE_OBJC_ARC = YES;
				COMBINE_HIDPI_IMAGES = YES;
				COPY_PHASE_STRIP = NO;
				DEBUG_INFORMATION_FORMAT = dwarf;
				DYLIB_INSTALL_NAME_BASE = "@rpath";
				ENABLE_NS_ASSERTIONS = YES;
				GCC_OPTIMIZATION_LEVEL = 0;
				MACOSX_DEPLOYMENT_TARGET = 10.10;
				ONLY_ACTIVE_ARCH = YES;
				OTHER_SWIFT_FLAGS = "-DXcode";
				PRODUCT_NAME = "$(TARGET_NAME)";
				SDKROOT = macosx;
				SUPPORTED_PLATFORMS = "macosx iphoneos iphonesimulator appletvos appletvsimulator watchos watchsimulator";
				SWIFT_ACTIVE_COMPILATION_CONDITIONS = SWIFT_PACKAGE;
				SWIFT_OPTIMIZATION_LEVEL = "-Onone";
				SWIFT_VERSION = 3.0;
				USE_HEADERMAP = NO;
			};
			name = Debug;
		};
		OBJ_4 /* Release */ = {
			isa = XCBuildConfiguration;
			buildSettings = {
				CLANG_ENABLE_OBJC_ARC = YES;
				COMBINE_HIDPI_IMAGES = YES;
				COPY_PHASE_STRIP = YES;
				DEBUG_INFORMATION_FORMAT = "dwarf-with-dsym";
				DYLIB_INSTALL_NAME_BASE = "@rpath";
				GCC_OPTIMIZATION_LEVEL = s;
				MACOSX_DEPLOYMENT_TARGET = 10.10;
				OTHER_SWIFT_FLAGS = "-DXcode";
				PRODUCT_NAME = "$(TARGET_NAME)";
				SDKROOT = macosx;
				SUPPORTED_PLATFORMS = "macosx iphoneos iphonesimulator appletvos appletvsimulator watchos watchsimulator";
				SWIFT_ACTIVE_COMPILATION_CONDITIONS = SWIFT_PACKAGE;
				SWIFT_OPTIMIZATION_LEVEL = "-Owholemodule";
				SWIFT_VERSION = 3.0;
				USE_HEADERMAP = NO;
			};
			name = Release;
		};
		OBJ_53 /* Debug */ = {
			isa = XCBuildConfiguration;
			buildSettings = {
				ENABLE_TESTABILITY = YES;
				FRAMEWORK_SEARCH_PATHS = (
					"$(inherited)",
					"$(PLATFORM_DIR)/Developer/Library/Frameworks",
				);
				HEADER_SEARCH_PATHS = "$(inherited)";
				INFOPLIST_FILE = ConsulSwift.xcodeproj/Alamofire_Info.plist;
				LD_RUNPATH_SEARCH_PATHS = "$(TOOLCHAIN_DIR)/usr/lib/swift/macosx";
				OTHER_LDFLAGS = "$(inherited)";
				OTHER_SWIFT_FLAGS = "$(inherited)";
				PRODUCT_BUNDLE_IDENTIFIER = Alamofire;
				PRODUCT_MODULE_NAME = "$(TARGET_NAME:c99extidentifier)";
				PRODUCT_NAME = "$(TARGET_NAME:c99extidentifier)";
				SKIP_INSTALL = YES;
				TARGET_NAME = Alamofire;
			};
			name = Debug;
		};
		OBJ_54 /* Release */ = {
			isa = XCBuildConfiguration;
			buildSettings = {
				ENABLE_TESTABILITY = YES;
				FRAMEWORK_SEARCH_PATHS = (
					"$(inherited)",
					"$(PLATFORM_DIR)/Developer/Library/Frameworks",
				);
				HEADER_SEARCH_PATHS = "$(inherited)";
				INFOPLIST_FILE = ConsulSwift.xcodeproj/Alamofire_Info.plist;
				LD_RUNPATH_SEARCH_PATHS = "$(TOOLCHAIN_DIR)/usr/lib/swift/macosx";
				OTHER_LDFLAGS = "$(inherited)";
				OTHER_SWIFT_FLAGS = "$(inherited)";
				PRODUCT_BUNDLE_IDENTIFIER = Alamofire;
				PRODUCT_MODULE_NAME = "$(TARGET_NAME:c99extidentifier)";
				PRODUCT_NAME = "$(TARGET_NAME:c99extidentifier)";
				SKIP_INSTALL = YES;
				TARGET_NAME = Alamofire;
			};
			name = Release;
		};
		OBJ_76 /* Debug */ = {
			isa = XCBuildConfiguration;
			buildSettings = {
				ENABLE_TESTABILITY = YES;
				FRAMEWORK_SEARCH_PATHS = (
					"$(inherited)",
					"$(PLATFORM_DIR)/Developer/Library/Frameworks",
				);
				HEADER_SEARCH_PATHS = "$(inherited)";
				INFOPLIST_FILE = ConsulSwift.xcodeproj/SwiftyJSON_Info.plist;
				LD_RUNPATH_SEARCH_PATHS = "$(TOOLCHAIN_DIR)/usr/lib/swift/macosx";
				OTHER_LDFLAGS = "$(inherited)";
				OTHER_SWIFT_FLAGS = "$(inherited)";
				PRODUCT_BUNDLE_IDENTIFIER = SwiftyJSON;
				PRODUCT_MODULE_NAME = "$(TARGET_NAME:c99extidentifier)";
				PRODUCT_NAME = "$(TARGET_NAME:c99extidentifier)";
				SKIP_INSTALL = YES;
				TARGET_NAME = SwiftyJSON;
			};
			name = Debug;
		};
		OBJ_77 /* Release */ = {
			isa = XCBuildConfiguration;
			buildSettings = {
				ENABLE_TESTABILITY = YES;
				FRAMEWORK_SEARCH_PATHS = (
					"$(inherited)",
					"$(PLATFORM_DIR)/Developer/Library/Frameworks",
				);
				HEADER_SEARCH_PATHS = "$(inherited)";
				INFOPLIST_FILE = ConsulSwift.xcodeproj/SwiftyJSON_Info.plist;
				LD_RUNPATH_SEARCH_PATHS = "$(TOOLCHAIN_DIR)/usr/lib/swift/macosx";
				OTHER_LDFLAGS = "$(inherited)";
				OTHER_SWIFT_FLAGS = "$(inherited)";
				PRODUCT_BUNDLE_IDENTIFIER = SwiftyJSON;
				PRODUCT_MODULE_NAME = "$(TARGET_NAME:c99extidentifier)";
				PRODUCT_NAME = "$(TARGET_NAME:c99extidentifier)";
				SKIP_INSTALL = YES;
				TARGET_NAME = SwiftyJSON;
			};
			name = Release;
		};
		OBJ_84 /* Debug */ = {
			isa = XCBuildConfiguration;
			buildSettings = {
				ENABLE_TESTABILITY = YES;
				FRAMEWORK_SEARCH_PATHS = (
					"$(inherited)",
					"$(PLATFORM_DIR)/Developer/Library/Frameworks",
				);
				HEADER_SEARCH_PATHS = "$(inherited)";
				INFOPLIST_FILE = ConsulSwift.xcodeproj/Quack_Info.plist;
				LD_RUNPATH_SEARCH_PATHS = "$(TOOLCHAIN_DIR)/usr/lib/swift/macosx";
				OTHER_LDFLAGS = "$(inherited)";
				OTHER_SWIFT_FLAGS = "$(inherited)";
				PRODUCT_BUNDLE_IDENTIFIER = Quack;
				PRODUCT_MODULE_NAME = "$(TARGET_NAME:c99extidentifier)";
				PRODUCT_NAME = "$(TARGET_NAME:c99extidentifier)";
				SKIP_INSTALL = YES;
				TARGET_NAME = Quack;
			};
			name = Debug;
		};
		OBJ_85 /* Release */ = {
			isa = XCBuildConfiguration;
			buildSettings = {
				ENABLE_TESTABILITY = YES;
				FRAMEWORK_SEARCH_PATHS = (
					"$(inherited)",
					"$(PLATFORM_DIR)/Developer/Library/Frameworks",
				);
				HEADER_SEARCH_PATHS = "$(inherited)";
				INFOPLIST_FILE = ConsulSwift.xcodeproj/Quack_Info.plist;
				LD_RUNPATH_SEARCH_PATHS = "$(TOOLCHAIN_DIR)/usr/lib/swift/macosx";
				OTHER_LDFLAGS = "$(inherited)";
				OTHER_SWIFT_FLAGS = "$(inherited)";
				PRODUCT_BUNDLE_IDENTIFIER = Quack;
				PRODUCT_MODULE_NAME = "$(TARGET_NAME:c99extidentifier)";
				PRODUCT_NAME = "$(TARGET_NAME:c99extidentifier)";
				SKIP_INSTALL = YES;
				TARGET_NAME = Quack;
			};
			name = Release;
		};
		OBJ_99 /* Debug */ = {
			isa = XCBuildConfiguration;
			buildSettings = {
				ENABLE_TESTABILITY = YES;
				FRAMEWORK_SEARCH_PATHS = (
					"$(inherited)",
					"$(PLATFORM_DIR)/Developer/Library/Frameworks",
				);
				HEADER_SEARCH_PATHS = "$(inherited)";
				INFOPLIST_FILE = ConsulSwift.xcodeproj/ConsulSwift_Info.plist;
				LD_RUNPATH_SEARCH_PATHS = "$(TOOLCHAIN_DIR)/usr/lib/swift/macosx";
				OTHER_LDFLAGS = "$(inherited)";
				OTHER_SWIFT_FLAGS = "$(inherited)";
				PRODUCT_BUNDLE_IDENTIFIER = ConsulSwift;
				PRODUCT_MODULE_NAME = "$(TARGET_NAME:c99extidentifier)";
				PRODUCT_NAME = "$(TARGET_NAME:c99extidentifier)";
				SKIP_INSTALL = YES;
				TARGET_NAME = ConsulSwift;
			};
			name = Debug;
		};
/* End XCBuildConfiguration section */

/* Begin XCConfigurationList section */
		OBJ_115 /* Build configuration list for PBXNativeTarget "ConsulSwiftTests" */ = {
			isa = XCConfigurationList;
			buildConfigurations = (
				OBJ_116 /* Debug */,
				OBJ_117 /* Release */,
			);
			defaultConfigurationIsVisible = 0;
			defaultConfigurationName = Debug;
		};
		OBJ_2 /* Build configuration list for PBXProject "ConsulSwift" */ = {
			isa = XCConfigurationList;
			buildConfigurations = (
				OBJ_3 /* Debug */,
				OBJ_4 /* Release */,
			);
			defaultConfigurationIsVisible = 0;
			defaultConfigurationName = Debug;
		};
		OBJ_52 /* Build configuration list for PBXNativeTarget "Alamofire" */ = {
			isa = XCConfigurationList;
			buildConfigurations = (
				OBJ_53 /* Debug */,
				OBJ_54 /* Release */,
			);
			defaultConfigurationIsVisible = 0;
			defaultConfigurationName = Debug;
		};
		OBJ_75 /* Build configuration list for PBXNativeTarget "SwiftyJSON" */ = {
			isa = XCConfigurationList;
			buildConfigurations = (
				OBJ_76 /* Debug */,
				OBJ_77 /* Release */,
			);
			defaultConfigurationIsVisible = 0;
			defaultConfigurationName = Debug;
		};
		OBJ_83 /* Build configuration list for PBXNativeTarget "Quack" */ = {
			isa = XCConfigurationList;
			buildConfigurations = (
				OBJ_84 /* Debug */,
				OBJ_85 /* Release */,
			);
			defaultConfigurationIsVisible = 0;
			defaultConfigurationName = Debug;
		};
		OBJ_98 /* Build configuration list for PBXNativeTarget "ConsulSwift" */ = {
			isa = XCConfigurationList;
			buildConfigurations = (
				OBJ_99 /* Debug */,
				OBJ_100 /* Release */,
			);
			defaultConfigurationIsVisible = 0;
			defaultConfigurationName = Debug;
		};
/* End XCConfigurationList section */
	};
	rootObject = OBJ_1 /* Project object */;
}
